// !$*UTF8*$!
{
	archiveVersion = 1;
	classes = {
	};
	objectVersion = 46;
	objects = {

/* Begin PBXAggregateTarget section */
		9C26F98C146B208D001A5385 /* All Libraries */ = {
			isa = PBXAggregateTarget;
			buildConfigurationList = 9C26F98D146B208D001A5385 /* Build configuration list for PBXAggregateTarget "All Libraries" */;
			buildPhases = (
			);
			dependencies = (
				9C99909E14AE7A0600DFDD3B /* PBXTargetDependency */,
				9C9990A014AE7A0600DFDD3B /* PBXTargetDependency */,
				9C9990A214AE7A0600DFDD3B /* PBXTargetDependency */,
				9C26F9A9146B2402001A5385 /* PBXTargetDependency */,
				9C26F9AB146B2402001A5385 /* PBXTargetDependency */,
			);
			name = "All Libraries";
			productName = "All Libraries";
		};
		9C26FA0A146B3950001A5385 /* Documentation */ = {
			isa = PBXAggregateTarget;
			buildConfigurationList = 9C26FA0B146B3950001A5385 /* Build configuration list for PBXAggregateTarget "Documentation" */;
			buildPhases = (
				9C26FA0E146B3958001A5385 /* ShellScript */,
			);
			dependencies = (
			);
			name = Documentation;
			productName = Documentation;
		};
/* End PBXAggregateTarget section */

/* Begin PBXBuildFile section */
		9C26F943146B2069001A5385 /* InfoPlist.strings in Resources */ = {isa = PBXBuildFile; fileRef = 9C26F941146B2069001A5385 /* InfoPlist.strings */; };
		9C26F94F146B2069001A5385 /* SenTestingKit.framework in Frameworks */ = {isa = PBXBuildFile; fileRef = 9C26F94E146B2069001A5385 /* SenTestingKit.framework */; };
		9C26F953146B2069001A5385 /* ObjectiveHub.framework in Frameworks */ = {isa = PBXBuildFile; fileRef = 9C26F935146B2069001A5385 /* ObjectiveHub.framework */; };
		9C26F959146B2069001A5385 /* InfoPlist.strings in Resources */ = {isa = PBXBuildFile; fileRef = 9C26F957146B2069001A5385 /* InfoPlist.strings */; };
		9C26F95C146B2069001A5385 /* ObjectiveHub_Tests.m in Sources */ = {isa = PBXBuildFile; fileRef = 9C26F95B146B2069001A5385 /* ObjectiveHub_Tests.m */; };
		9C26F976146B207A001A5385 /* SenTestingKit.framework in Frameworks */ = {isa = PBXBuildFile; fileRef = 9C26F94E146B2069001A5385 /* SenTestingKit.framework */; };
		9C26F979146B207A001A5385 /* Foundation.framework in Frameworks */ = {isa = PBXBuildFile; fileRef = 9C26F968146B207A001A5385 /* Foundation.framework */; };
		9C26F97C146B207A001A5385 /* libObjectiveHub.a in Frameworks */ = {isa = PBXBuildFile; fileRef = 9C26F967146B207A001A5385 /* libObjectiveHub.a */; };
		9C26F9B2146B2424001A5385 /* JSONKit.h in Headers */ = {isa = PBXBuildFile; fileRef = 9C26F9AE146B2424001A5385 /* JSONKit.h */; };
		9C26F9B3146B2424001A5385 /* JSONKit.h in Headers */ = {isa = PBXBuildFile; fileRef = 9C26F9AE146B2424001A5385 /* JSONKit.h */; };
		9C26F9B4146B2424001A5385 /* JSONKit.m in Sources */ = {isa = PBXBuildFile; fileRef = 9C26F9AF146B2424001A5385 /* JSONKit.m */; settings = {COMPILER_FLAGS = "-fno-objc-arc"; }; };
		9C26F9B5146B2424001A5385 /* JSONKit.m in Sources */ = {isa = PBXBuildFile; fileRef = 9C26F9AF146B2424001A5385 /* JSONKit.m */; settings = {COMPILER_FLAGS = "-fno-objc-arc"; }; };
		9C26F9D5146B2979001A5385 /* AFHTTPClient.h in Headers */ = {isa = PBXBuildFile; fileRef = 9C26F9C0146B2979001A5385 /* AFHTTPClient.h */; };
		9C26F9D6146B2979001A5385 /* AFHTTPClient.h in Headers */ = {isa = PBXBuildFile; fileRef = 9C26F9C0146B2979001A5385 /* AFHTTPClient.h */; };
		9C26F9D7146B2979001A5385 /* AFHTTPClient.m in Sources */ = {isa = PBXBuildFile; fileRef = 9C26F9C1146B2979001A5385 /* AFHTTPClient.m */; settings = {COMPILER_FLAGS = "-fno-objc-arc"; }; };
		9C26F9D8146B2979001A5385 /* AFHTTPClient.m in Sources */ = {isa = PBXBuildFile; fileRef = 9C26F9C1146B2979001A5385 /* AFHTTPClient.m */; settings = {COMPILER_FLAGS = "-fno-objc-arc"; }; };
		9C26F9D9146B2979001A5385 /* AFHTTPRequestOperation.h in Headers */ = {isa = PBXBuildFile; fileRef = 9C26F9C2146B2979001A5385 /* AFHTTPRequestOperation.h */; };
		9C26F9DA146B2979001A5385 /* AFHTTPRequestOperation.h in Headers */ = {isa = PBXBuildFile; fileRef = 9C26F9C2146B2979001A5385 /* AFHTTPRequestOperation.h */; };
		9C26F9DB146B2979001A5385 /* AFHTTPRequestOperation.m in Sources */ = {isa = PBXBuildFile; fileRef = 9C26F9C3146B2979001A5385 /* AFHTTPRequestOperation.m */; settings = {COMPILER_FLAGS = "-fno-objc-arc -Wno-unused-parameter"; }; };
		9C26F9DC146B2979001A5385 /* AFHTTPRequestOperation.m in Sources */ = {isa = PBXBuildFile; fileRef = 9C26F9C3146B2979001A5385 /* AFHTTPRequestOperation.m */; settings = {COMPILER_FLAGS = "-fno-objc-arc"; }; };
		9C26F9DD146B2979001A5385 /* AFImageCache.h in Headers */ = {isa = PBXBuildFile; fileRef = 9C26F9C4146B2979001A5385 /* AFImageCache.h */; };
		9C26F9DE146B2979001A5385 /* AFImageCache.h in Headers */ = {isa = PBXBuildFile; fileRef = 9C26F9C4146B2979001A5385 /* AFImageCache.h */; };
		9C26F9DF146B2979001A5385 /* AFImageCache.m in Sources */ = {isa = PBXBuildFile; fileRef = 9C26F9C5146B2979001A5385 /* AFImageCache.m */; settings = {COMPILER_FLAGS = "-fno-objc-arc"; }; };
		9C26F9E0146B2979001A5385 /* AFImageCache.m in Sources */ = {isa = PBXBuildFile; fileRef = 9C26F9C5146B2979001A5385 /* AFImageCache.m */; settings = {COMPILER_FLAGS = "-fno-objc-arc"; }; };
		9C26F9E1146B2979001A5385 /* AFImageRequestOperation.h in Headers */ = {isa = PBXBuildFile; fileRef = 9C26F9C6146B2979001A5385 /* AFImageRequestOperation.h */; };
		9C26F9E2146B2979001A5385 /* AFImageRequestOperation.h in Headers */ = {isa = PBXBuildFile; fileRef = 9C26F9C6146B2979001A5385 /* AFImageRequestOperation.h */; };
		9C26F9E3146B2979001A5385 /* AFImageRequestOperation.m in Sources */ = {isa = PBXBuildFile; fileRef = 9C26F9C7146B2979001A5385 /* AFImageRequestOperation.m */; settings = {COMPILER_FLAGS = "-fno-objc-arc -Wno-unused-parameter"; }; };
		9C26F9E4146B2979001A5385 /* AFImageRequestOperation.m in Sources */ = {isa = PBXBuildFile; fileRef = 9C26F9C7146B2979001A5385 /* AFImageRequestOperation.m */; settings = {COMPILER_FLAGS = "-fno-objc-arc"; }; };
		9C26F9E5146B2979001A5385 /* AFJSONRequestOperation.h in Headers */ = {isa = PBXBuildFile; fileRef = 9C26F9C8146B2979001A5385 /* AFJSONRequestOperation.h */; };
		9C26F9E6146B2979001A5385 /* AFJSONRequestOperation.h in Headers */ = {isa = PBXBuildFile; fileRef = 9C26F9C8146B2979001A5385 /* AFJSONRequestOperation.h */; };
		9C26F9E7146B2979001A5385 /* AFJSONRequestOperation.m in Sources */ = {isa = PBXBuildFile; fileRef = 9C26F9C9146B2979001A5385 /* AFJSONRequestOperation.m */; settings = {COMPILER_FLAGS = "-fno-objc-arc"; }; };
		9C26F9E8146B2979001A5385 /* AFJSONRequestOperation.m in Sources */ = {isa = PBXBuildFile; fileRef = 9C26F9C9146B2979001A5385 /* AFJSONRequestOperation.m */; settings = {COMPILER_FLAGS = "-fno-objc-arc"; }; };
		9C26F9E9146B2979001A5385 /* AFNetworkActivityIndicatorManager.h in Headers */ = {isa = PBXBuildFile; fileRef = 9C26F9CA146B2979001A5385 /* AFNetworkActivityIndicatorManager.h */; };
		9C26F9EA146B2979001A5385 /* AFNetworkActivityIndicatorManager.h in Headers */ = {isa = PBXBuildFile; fileRef = 9C26F9CA146B2979001A5385 /* AFNetworkActivityIndicatorManager.h */; };
		9C26F9EB146B2979001A5385 /* AFNetworkActivityIndicatorManager.m in Sources */ = {isa = PBXBuildFile; fileRef = 9C26F9CB146B2979001A5385 /* AFNetworkActivityIndicatorManager.m */; settings = {COMPILER_FLAGS = "-fno-objc-arc"; }; };
		9C26F9EC146B2979001A5385 /* AFNetworkActivityIndicatorManager.m in Sources */ = {isa = PBXBuildFile; fileRef = 9C26F9CB146B2979001A5385 /* AFNetworkActivityIndicatorManager.m */; settings = {COMPILER_FLAGS = "-fno-objc-arc"; }; };
		9C26F9ED146B2979001A5385 /* AFNetworking.h in Headers */ = {isa = PBXBuildFile; fileRef = 9C26F9CC146B2979001A5385 /* AFNetworking.h */; };
		9C26F9EE146B2979001A5385 /* AFNetworking.h in Headers */ = {isa = PBXBuildFile; fileRef = 9C26F9CC146B2979001A5385 /* AFNetworking.h */; };
		9C26F9EF146B2979001A5385 /* AFPropertyListRequestOperation.h in Headers */ = {isa = PBXBuildFile; fileRef = 9C26F9CD146B2979001A5385 /* AFPropertyListRequestOperation.h */; };
		9C26F9F0146B2979001A5385 /* AFPropertyListRequestOperation.h in Headers */ = {isa = PBXBuildFile; fileRef = 9C26F9CD146B2979001A5385 /* AFPropertyListRequestOperation.h */; };
		9C26F9F1146B2979001A5385 /* AFPropertyListRequestOperation.m in Sources */ = {isa = PBXBuildFile; fileRef = 9C26F9CE146B2979001A5385 /* AFPropertyListRequestOperation.m */; settings = {COMPILER_FLAGS = "-fno-objc-arc"; }; };
		9C26F9F2146B2979001A5385 /* AFPropertyListRequestOperation.m in Sources */ = {isa = PBXBuildFile; fileRef = 9C26F9CE146B2979001A5385 /* AFPropertyListRequestOperation.m */; settings = {COMPILER_FLAGS = "-fno-objc-arc"; }; };
		9C26F9F3146B2979001A5385 /* AFURLConnectionOperation.h in Headers */ = {isa = PBXBuildFile; fileRef = 9C26F9CF146B2979001A5385 /* AFURLConnectionOperation.h */; };
		9C26F9F4146B2979001A5385 /* AFURLConnectionOperation.h in Headers */ = {isa = PBXBuildFile; fileRef = 9C26F9CF146B2979001A5385 /* AFURLConnectionOperation.h */; };
		9C26F9F5146B2979001A5385 /* AFURLConnectionOperation.m in Sources */ = {isa = PBXBuildFile; fileRef = 9C26F9D0146B2979001A5385 /* AFURLConnectionOperation.m */; settings = {COMPILER_FLAGS = "-fno-objc-arc"; }; };
		9C26F9F6146B2979001A5385 /* AFURLConnectionOperation.m in Sources */ = {isa = PBXBuildFile; fileRef = 9C26F9D0146B2979001A5385 /* AFURLConnectionOperation.m */; settings = {COMPILER_FLAGS = "-fno-objc-arc"; }; };
		9C26F9F7146B2979001A5385 /* AFXMLRequestOperation.h in Headers */ = {isa = PBXBuildFile; fileRef = 9C26F9D1146B2979001A5385 /* AFXMLRequestOperation.h */; };
		9C26F9F8146B2979001A5385 /* AFXMLRequestOperation.h in Headers */ = {isa = PBXBuildFile; fileRef = 9C26F9D1146B2979001A5385 /* AFXMLRequestOperation.h */; };
		9C26F9F9146B2979001A5385 /* AFXMLRequestOperation.m in Sources */ = {isa = PBXBuildFile; fileRef = 9C26F9D2146B2979001A5385 /* AFXMLRequestOperation.m */; settings = {COMPILER_FLAGS = "-fno-objc-arc"; }; };
		9C26F9FA146B2979001A5385 /* AFXMLRequestOperation.m in Sources */ = {isa = PBXBuildFile; fileRef = 9C26F9D2146B2979001A5385 /* AFXMLRequestOperation.m */; settings = {COMPILER_FLAGS = "-fno-objc-arc"; }; };
		9C26F9FB146B2979001A5385 /* UIImageView+AFNetworking.h in Headers */ = {isa = PBXBuildFile; fileRef = 9C26F9D3146B2979001A5385 /* UIImageView+AFNetworking.h */; };
		9C26F9FC146B2979001A5385 /* UIImageView+AFNetworking.h in Headers */ = {isa = PBXBuildFile; fileRef = 9C26F9D3146B2979001A5385 /* UIImageView+AFNetworking.h */; };
		9C26F9FD146B2979001A5385 /* UIImageView+AFNetworking.m in Sources */ = {isa = PBXBuildFile; fileRef = 9C26F9D4146B2979001A5385 /* UIImageView+AFNetworking.m */; settings = {COMPILER_FLAGS = "-fno-objc-arc"; }; };
		9C26F9FE146B2979001A5385 /* UIImageView+AFNetworking.m in Sources */ = {isa = PBXBuildFile; fileRef = 9C26F9D4146B2979001A5385 /* UIImageView+AFNetworking.m */; settings = {COMPILER_FLAGS = "-fno-objc-arc"; }; };
		9C26FA03146B2DEF001A5385 /* ObjectiveHub.h in Headers */ = {isa = PBXBuildFile; fileRef = 9C26FA01146B2DEF001A5385 /* ObjectiveHub.h */; settings = {ATTRIBUTES = (Public, ); }; };
		9C26FA04146B2DEF001A5385 /* ObjectiveHub.h in Headers */ = {isa = PBXBuildFile; fileRef = 9C26FA01146B2DEF001A5385 /* ObjectiveHub.h */; settings = {ATTRIBUTES = (Public, ); }; };
		9C26FA05146B2DEF001A5385 /* ObjectiveHub.m in Sources */ = {isa = PBXBuildFile; fileRef = 9C26FA02146B2DEF001A5385 /* ObjectiveHub.m */; };
		9C26FA06146B2DEF001A5385 /* ObjectiveHub.m in Sources */ = {isa = PBXBuildFile; fileRef = 9C26FA02146B2DEF001A5385 /* ObjectiveHub.m */; };
		9C26FA07146B2DEF001A5385 /* ObjectiveHub.m in Sources */ = {isa = PBXBuildFile; fileRef = 9C26FA02146B2DEF001A5385 /* ObjectiveHub.m */; };
		9C26FA08146B2DEF001A5385 /* ObjectiveHub.m in Sources */ = {isa = PBXBuildFile; fileRef = 9C26FA02146B2DEF001A5385 /* ObjectiveHub.m */; };
		9C2F3E7B146F3F2000C44A82 /* CDOHUser.h in Headers */ = {isa = PBXBuildFile; fileRef = 9C2F3E79146F3F2000C44A82 /* CDOHUser.h */; settings = {ATTRIBUTES = (Public, ); }; };
		9C2F3E7C146F3F2000C44A82 /* CDOHUser.h in Headers */ = {isa = PBXBuildFile; fileRef = 9C2F3E79146F3F2000C44A82 /* CDOHUser.h */; settings = {ATTRIBUTES = (Public, ); }; };
		9C2F3E7D146F3F2000C44A82 /* CDOHUser.m in Sources */ = {isa = PBXBuildFile; fileRef = 9C2F3E7A146F3F2000C44A82 /* CDOHUser.m */; };
		9C2F3E7E146F3F2000C44A82 /* CDOHUser.m in Sources */ = {isa = PBXBuildFile; fileRef = 9C2F3E7A146F3F2000C44A82 /* CDOHUser.m */; };
		9C2F3E84146F464200C44A82 /* CDOHUserPrivate.h in Headers */ = {isa = PBXBuildFile; fileRef = 9C2F3E83146F464200C44A82 /* CDOHUserPrivate.h */; };
		9C2F3E85146F464200C44A82 /* CDOHUserPrivate.h in Headers */ = {isa = PBXBuildFile; fileRef = 9C2F3E83146F464200C44A82 /* CDOHUserPrivate.h */; };
		9C2F3E88146F5F7D00C44A82 /* CDOHPlan.h in Headers */ = {isa = PBXBuildFile; fileRef = 9C2F3E86146F5F7D00C44A82 /* CDOHPlan.h */; settings = {ATTRIBUTES = (Public, ); }; };
		9C2F3E89146F5F7D00C44A82 /* CDOHPlan.h in Headers */ = {isa = PBXBuildFile; fileRef = 9C2F3E86146F5F7D00C44A82 /* CDOHPlan.h */; settings = {ATTRIBUTES = (Public, ); }; };
		9C2F3E8A146F5F7D00C44A82 /* CDOHPlan.m in Sources */ = {isa = PBXBuildFile; fileRef = 9C2F3E87146F5F7D00C44A82 /* CDOHPlan.m */; };
		9C2F3E8B146F5F7D00C44A82 /* CDOHPlan.m in Sources */ = {isa = PBXBuildFile; fileRef = 9C2F3E87146F5F7D00C44A82 /* CDOHPlan.m */; };
		9C2F3E8D146F5FC000C44A82 /* CDOHPlanPrivate.h in Headers */ = {isa = PBXBuildFile; fileRef = 9C2F3E8C146F5FC000C44A82 /* CDOHPlanPrivate.h */; };
		9C2F3E8E146F5FC000C44A82 /* CDOHPlanPrivate.h in Headers */ = {isa = PBXBuildFile; fileRef = 9C2F3E8C146F5FC000C44A82 /* CDOHPlanPrivate.h */; };
		9C47C5511473E9C90026BD6D /* CDOHLibraryVersion.h in Headers */ = {isa = PBXBuildFile; fileRef = 9C47C5501473E9C90026BD6D /* CDOHLibraryVersion.h */; };
		9C47C5521473E9C90026BD6D /* CDOHLibraryVersion.h in Headers */ = {isa = PBXBuildFile; fileRef = 9C47C5501473E9C90026BD6D /* CDOHLibraryVersion.h */; };
		9C5D2D5A1470281A0064F02A /* InfoPlist.strings in Resources */ = {isa = PBXBuildFile; fileRef = 9C5D2D581470281A0064F02A /* InfoPlist.strings */; };
		9C5D2D5C1470281A0064F02A /* main.m in Sources */ = {isa = PBXBuildFile; fileRef = 9C5D2D5B1470281A0064F02A /* main.m */; };
		9C5D2D601470281A0064F02A /* Credits.rtf in Resources */ = {isa = PBXBuildFile; fileRef = 9C5D2D5E1470281A0064F02A /* Credits.rtf */; };
		9C5D2D631470281A0064F02A /* AppDelegate.m in Sources */ = {isa = PBXBuildFile; fileRef = 9C5D2D621470281A0064F02A /* AppDelegate.m */; };
		9C5D2D661470281B0064F02A /* MainMenu.xib in Resources */ = {isa = PBXBuildFile; fileRef = 9C5D2D641470281B0064F02A /* MainMenu.xib */; };
		9C5D2D6D147028290064F02A /* ObjectiveHub.framework in Frameworks */ = {isa = PBXBuildFile; fileRef = 9C26F935146B2069001A5385 /* ObjectiveHub.framework */; };
		9C5D2D6F147029410064F02A /* ObjectiveHub.framework in Copy Frameworks */ = {isa = PBXBuildFile; fileRef = 9C26F935146B2069001A5385 /* ObjectiveHub.framework */; };
		9C99909514AE708F00DFDD3B /* ObjectiveHub_Tests.m in Sources */ = {isa = PBXBuildFile; fileRef = 9C26F95B146B2069001A5385 /* ObjectiveHub_Tests.m */; };
		9C99909714AE70F100DFDD3B /* Foundation.framework in Frameworks */ = {isa = PBXBuildFile; fileRef = 9C99909614AE70F100DFDD3B /* Foundation.framework */; };
		9C99909A14AE794F00DFDD3B /* AFJSONUtilities.h in Headers */ = {isa = PBXBuildFile; fileRef = 9C99909914AE794F00DFDD3B /* AFJSONUtilities.h */; };
		9C99909B14AE794F00DFDD3B /* AFJSONUtilities.h in Headers */ = {isa = PBXBuildFile; fileRef = 9C99909914AE794F00DFDD3B /* AFJSONUtilities.h */; };
		9C9990A514AE7B0900DFDD3B /* Cocoa.framework in Frameworks */ = {isa = PBXBuildFile; fileRef = 9C9990A314AE7AEE00DFDD3B /* Cocoa.framework */; };
		9C9990A714AE7B1600DFDD3B /* UIKit.framework in Frameworks */ = {isa = PBXBuildFile; fileRef = 9C9990A614AE7B1600DFDD3B /* UIKit.framework */; };
		9C9990A814AE7B4A00DFDD3B /* Cocoa.framework in Frameworks */ = {isa = PBXBuildFile; fileRef = 9C9990A314AE7AEE00DFDD3B /* Cocoa.framework */; };
		9CE663411470929500D8A95F /* CDOHError.h in Headers */ = {isa = PBXBuildFile; fileRef = 9CE6633F1470929500D8A95F /* CDOHError.h */; settings = {ATTRIBUTES = (Public, ); }; };
		9CE663421470929500D8A95F /* CDOHError.h in Headers */ = {isa = PBXBuildFile; fileRef = 9CE6633F1470929500D8A95F /* CDOHError.h */; settings = {ATTRIBUTES = (Public, ); }; };
		9CE663431470929500D8A95F /* CDOHError.m in Sources */ = {isa = PBXBuildFile; fileRef = 9CE663401470929500D8A95F /* CDOHError.m */; };
		9CE663441470929500D8A95F /* CDOHError.m in Sources */ = {isa = PBXBuildFile; fileRef = 9CE663401470929500D8A95F /* CDOHError.m */; };
		9CF962AE147FC01B00F52A98 /* CDOHRepository.h in Headers */ = {isa = PBXBuildFile; fileRef = 9CF962AC147FC01B00F52A98 /* CDOHRepository.h */; settings = {ATTRIBUTES = (Public, ); }; };
		9CF962AF147FC01B00F52A98 /* CDOHRepository.h in Headers */ = {isa = PBXBuildFile; fileRef = 9CF962AC147FC01B00F52A98 /* CDOHRepository.h */; settings = {ATTRIBUTES = (Public, ); }; };
		9CF962B0147FC01B00F52A98 /* CDOHRepository.m in Sources */ = {isa = PBXBuildFile; fileRef = 9CF962AD147FC01B00F52A98 /* CDOHRepository.m */; };
		9CF962B1147FC01B00F52A98 /* CDOHRepository.m in Sources */ = {isa = PBXBuildFile; fileRef = 9CF962AD147FC01B00F52A98 /* CDOHRepository.m */; };
/* End PBXBuildFile section */

/* Begin PBXContainerItemProxy section */
		9C26F951146B2069001A5385 /* PBXContainerItemProxy */ = {
			isa = PBXContainerItemProxy;
			containerPortal = 9C26F929146B1B74001A5385 /* Project object */;
			proxyType = 1;
			remoteGlobalIDString = 9C26F934146B2069001A5385;
			remoteInfo = "ObjectiveHub-Mac";
		};
		9C26F97A146B207A001A5385 /* PBXContainerItemProxy */ = {
			isa = PBXContainerItemProxy;
			containerPortal = 9C26F929146B1B74001A5385 /* Project object */;
			proxyType = 1;
			remoteGlobalIDString = 9C26F966146B207A001A5385;
			remoteInfo = "ObjectiveHub-iOS";
		};
		9C26F9A8146B2402001A5385 /* PBXContainerItemProxy */ = {
			isa = PBXContainerItemProxy;
			containerPortal = 9C26F929146B1B74001A5385 /* Project object */;
			proxyType = 1;
			remoteGlobalIDString = 9C26F934146B2069001A5385;
			remoteInfo = "ObjectiveHub-Mac";
		};
		9C26F9AA146B2402001A5385 /* PBXContainerItemProxy */ = {
			isa = PBXContainerItemProxy;
			containerPortal = 9C26F929146B1B74001A5385 /* Project object */;
			proxyType = 1;
			remoteGlobalIDString = 9C26F966146B207A001A5385;
			remoteInfo = "ObjectiveHub-iOS";
		};
		9C5D2D6B147028220064F02A /* PBXContainerItemProxy */ = {
			isa = PBXContainerItemProxy;
			containerPortal = 9C26F929146B1B74001A5385 /* Project object */;
			proxyType = 1;
			remoteGlobalIDString = 9C26F934146B2069001A5385;
			remoteInfo = "ObjectiveHub-Mac";
		};
		9C99909D14AE7A0600DFDD3B /* PBXContainerItemProxy */ = {
			isa = PBXContainerItemProxy;
			containerPortal = 9C26F929146B1B74001A5385 /* Project object */;
			proxyType = 1;
			remoteGlobalIDString = 9C26FA0A146B3950001A5385;
			remoteInfo = Documentation;
		};
		9C99909F14AE7A0600DFDD3B /* PBXContainerItemProxy */ = {
			isa = PBXContainerItemProxy;
			containerPortal = 9C26F929146B1B74001A5385 /* Project object */;
			proxyType = 1;
			remoteGlobalIDString = 9C26F94C146B2069001A5385;
			remoteInfo = "ObjectiveHub-MacTests";
		};
		9C9990A114AE7A0600DFDD3B /* PBXContainerItemProxy */ = {
			isa = PBXContainerItemProxy;
			containerPortal = 9C26F929146B1B74001A5385 /* Project object */;
			proxyType = 1;
			remoteGlobalIDString = 9C26F974146B207A001A5385;
			remoteInfo = "ObjectiveHub-iOSTests";
		};
/* End PBXContainerItemProxy section */

/* Begin PBXCopyFilesBuildPhase section */
		9C5D2D6E1470292A0064F02A /* Copy Frameworks */ = {
			isa = PBXCopyFilesBuildPhase;
			buildActionMask = 2147483647;
			dstPath = "";
			dstSubfolderSpec = 10;
			files = (
				9C5D2D6F147029410064F02A /* ObjectiveHub.framework in Copy Frameworks */,
			);
			name = "Copy Frameworks";
			runOnlyForDeploymentPostprocessing = 0;
		};
/* End PBXCopyFilesBuildPhase section */

/* Begin PBXFileReference section */
		9C26F935146B2069001A5385 /* ObjectiveHub.framework */ = {isa = PBXFileReference; explicitFileType = wrapper.framework; includeInIndex = 0; path = ObjectiveHub.framework; sourceTree = BUILT_PRODUCTS_DIR; };
		9C26F93B146B2069001A5385 /* AppKit.framework */ = {isa = PBXFileReference; lastKnownFileType = wrapper.framework; name = AppKit.framework; path = System/Library/Frameworks/AppKit.framework; sourceTree = SDKROOT; };
		9C26F93C146B2069001A5385 /* CoreData.framework */ = {isa = PBXFileReference; lastKnownFileType = wrapper.framework; name = CoreData.framework; path = System/Library/Frameworks/CoreData.framework; sourceTree = SDKROOT; };
		9C26F93D146B2069001A5385 /* Foundation.framework */ = {isa = PBXFileReference; lastKnownFileType = wrapper.framework; name = Foundation.framework; path = System/Library/Frameworks/Foundation.framework; sourceTree = SDKROOT; };
		9C26F940146B2069001A5385 /* ObjectiveHub-Mac-Info.plist */ = {isa = PBXFileReference; lastKnownFileType = text.plist.xml; path = "ObjectiveHub-Mac-Info.plist"; sourceTree = "<group>"; };
		9C26F942146B2069001A5385 /* en */ = {isa = PBXFileReference; lastKnownFileType = text.plist.strings; name = en; path = en.lproj/InfoPlist.strings; sourceTree = "<group>"; };
		9C26F944146B2069001A5385 /* ObjectiveHub-Mac-Prefix.pch */ = {isa = PBXFileReference; lastKnownFileType = sourcecode.c.h; path = "ObjectiveHub-Mac-Prefix.pch"; sourceTree = "<group>"; };
		9C26F94D146B2069001A5385 /* ObjectiveHub-MacTests.octest */ = {isa = PBXFileReference; explicitFileType = wrapper.cfbundle; includeInIndex = 0; path = "ObjectiveHub-MacTests.octest"; sourceTree = BUILT_PRODUCTS_DIR; };
		9C26F94E146B2069001A5385 /* SenTestingKit.framework */ = {isa = PBXFileReference; lastKnownFileType = wrapper.framework; name = SenTestingKit.framework; path = Library/Frameworks/SenTestingKit.framework; sourceTree = DEVELOPER_DIR; };
		9C26F956146B2069001A5385 /* ObjectiveHub-MacTests-Info.plist */ = {isa = PBXFileReference; lastKnownFileType = text.plist.xml; path = "ObjectiveHub-MacTests-Info.plist"; sourceTree = "<group>"; };
		9C26F958146B2069001A5385 /* en */ = {isa = PBXFileReference; lastKnownFileType = text.plist.strings; name = en; path = en.lproj/InfoPlist.strings; sourceTree = "<group>"; };
		9C26F95A146B2069001A5385 /* ObjectiveHub_Tests.h */ = {isa = PBXFileReference; lastKnownFileType = sourcecode.c.h; path = ObjectiveHub_Tests.h; sourceTree = "<group>"; };
		9C26F95B146B2069001A5385 /* ObjectiveHub_Tests.m */ = {isa = PBXFileReference; lastKnownFileType = sourcecode.c.objc; path = ObjectiveHub_Tests.m; sourceTree = "<group>"; };
		9C26F967146B207A001A5385 /* libObjectiveHub.a */ = {isa = PBXFileReference; explicitFileType = archive.ar; includeInIndex = 0; path = libObjectiveHub.a; sourceTree = BUILT_PRODUCTS_DIR; };
		9C26F968146B207A001A5385 /* Foundation.framework */ = {isa = PBXFileReference; lastKnownFileType = wrapper.framework; name = Foundation.framework; path = System/Library/Frameworks/Foundation.framework; sourceTree = SDKROOT; };
		9C26F96C146B207A001A5385 /* ObjectiveHub-iOS-Prefix.pch */ = {isa = PBXFileReference; lastKnownFileType = sourcecode.c.h; path = "ObjectiveHub-iOS-Prefix.pch"; sourceTree = "<group>"; };
		9C26F975146B207A001A5385 /* ObjectiveHub-iOSTests.octest */ = {isa = PBXFileReference; explicitFileType = wrapper.cfbundle; includeInIndex = 0; path = "ObjectiveHub-iOSTests.octest"; sourceTree = BUILT_PRODUCTS_DIR; };
		9C26F9AD146B2424001A5385 /* CHANGELOG.md */ = {isa = PBXFileReference; fileEncoding = 4; lastKnownFileType = text; path = CHANGELOG.md; sourceTree = "<group>"; };
		9C26F9AE146B2424001A5385 /* JSONKit.h */ = {isa = PBXFileReference; fileEncoding = 4; lastKnownFileType = sourcecode.c.h; path = JSONKit.h; sourceTree = "<group>"; };
		9C26F9AF146B2424001A5385 /* JSONKit.m */ = {isa = PBXFileReference; fileEncoding = 4; lastKnownFileType = sourcecode.c.objc; path = JSONKit.m; sourceTree = "<group>"; };
		9C26F9B0146B2424001A5385 /* README.md */ = {isa = PBXFileReference; fileEncoding = 4; lastKnownFileType = text; path = README.md; sourceTree = "<group>"; };
		9C26F9C0146B2979001A5385 /* AFHTTPClient.h */ = {isa = PBXFileReference; fileEncoding = 4; lastKnownFileType = sourcecode.c.h; path = AFHTTPClient.h; sourceTree = "<group>"; };
		9C26F9C1146B2979001A5385 /* AFHTTPClient.m */ = {isa = PBXFileReference; fileEncoding = 4; lastKnownFileType = sourcecode.c.objc; path = AFHTTPClient.m; sourceTree = "<group>"; };
		9C26F9C2146B2979001A5385 /* AFHTTPRequestOperation.h */ = {isa = PBXFileReference; fileEncoding = 4; lastKnownFileType = sourcecode.c.h; path = AFHTTPRequestOperation.h; sourceTree = "<group>"; };
		9C26F9C3146B2979001A5385 /* AFHTTPRequestOperation.m */ = {isa = PBXFileReference; fileEncoding = 4; lastKnownFileType = sourcecode.c.objc; path = AFHTTPRequestOperation.m; sourceTree = "<group>"; };
		9C26F9C4146B2979001A5385 /* AFImageCache.h */ = {isa = PBXFileReference; fileEncoding = 4; lastKnownFileType = sourcecode.c.h; path = AFImageCache.h; sourceTree = "<group>"; };
		9C26F9C5146B2979001A5385 /* AFImageCache.m */ = {isa = PBXFileReference; fileEncoding = 4; lastKnownFileType = sourcecode.c.objc; path = AFImageCache.m; sourceTree = "<group>"; };
		9C26F9C6146B2979001A5385 /* AFImageRequestOperation.h */ = {isa = PBXFileReference; fileEncoding = 4; lastKnownFileType = sourcecode.c.h; path = AFImageRequestOperation.h; sourceTree = "<group>"; };
		9C26F9C7146B2979001A5385 /* AFImageRequestOperation.m */ = {isa = PBXFileReference; fileEncoding = 4; lastKnownFileType = sourcecode.c.objc; path = AFImageRequestOperation.m; sourceTree = "<group>"; };
		9C26F9C8146B2979001A5385 /* AFJSONRequestOperation.h */ = {isa = PBXFileReference; fileEncoding = 4; lastKnownFileType = sourcecode.c.h; path = AFJSONRequestOperation.h; sourceTree = "<group>"; };
		9C26F9C9146B2979001A5385 /* AFJSONRequestOperation.m */ = {isa = PBXFileReference; fileEncoding = 4; lastKnownFileType = sourcecode.c.objc; path = AFJSONRequestOperation.m; sourceTree = "<group>"; };
		9C26F9CA146B2979001A5385 /* AFNetworkActivityIndicatorManager.h */ = {isa = PBXFileReference; fileEncoding = 4; lastKnownFileType = sourcecode.c.h; path = AFNetworkActivityIndicatorManager.h; sourceTree = "<group>"; };
		9C26F9CB146B2979001A5385 /* AFNetworkActivityIndicatorManager.m */ = {isa = PBXFileReference; fileEncoding = 4; lastKnownFileType = sourcecode.c.objc; path = AFNetworkActivityIndicatorManager.m; sourceTree = "<group>"; };
		9C26F9CC146B2979001A5385 /* AFNetworking.h */ = {isa = PBXFileReference; fileEncoding = 4; lastKnownFileType = sourcecode.c.h; path = AFNetworking.h; sourceTree = "<group>"; };
		9C26F9CD146B2979001A5385 /* AFPropertyListRequestOperation.h */ = {isa = PBXFileReference; fileEncoding = 4; lastKnownFileType = sourcecode.c.h; path = AFPropertyListRequestOperation.h; sourceTree = "<group>"; };
		9C26F9CE146B2979001A5385 /* AFPropertyListRequestOperation.m */ = {isa = PBXFileReference; fileEncoding = 4; lastKnownFileType = sourcecode.c.objc; path = AFPropertyListRequestOperation.m; sourceTree = "<group>"; };
		9C26F9CF146B2979001A5385 /* AFURLConnectionOperation.h */ = {isa = PBXFileReference; fileEncoding = 4; lastKnownFileType = sourcecode.c.h; path = AFURLConnectionOperation.h; sourceTree = "<group>"; };
		9C26F9D0146B2979001A5385 /* AFURLConnectionOperation.m */ = {isa = PBXFileReference; fileEncoding = 4; lastKnownFileType = sourcecode.c.objc; path = AFURLConnectionOperation.m; sourceTree = "<group>"; };
		9C26F9D1146B2979001A5385 /* AFXMLRequestOperation.h */ = {isa = PBXFileReference; fileEncoding = 4; lastKnownFileType = sourcecode.c.h; path = AFXMLRequestOperation.h; sourceTree = "<group>"; };
		9C26F9D2146B2979001A5385 /* AFXMLRequestOperation.m */ = {isa = PBXFileReference; fileEncoding = 4; lastKnownFileType = sourcecode.c.objc; path = AFXMLRequestOperation.m; sourceTree = "<group>"; };
		9C26F9D3146B2979001A5385 /* UIImageView+AFNetworking.h */ = {isa = PBXFileReference; fileEncoding = 4; lastKnownFileType = sourcecode.c.h; path = "UIImageView+AFNetworking.h"; sourceTree = "<group>"; };
		9C26F9D4146B2979001A5385 /* UIImageView+AFNetworking.m */ = {isa = PBXFileReference; fileEncoding = 4; lastKnownFileType = sourcecode.c.objc; path = "UIImageView+AFNetworking.m"; sourceTree = "<group>"; };
		9C26FA01146B2DEF001A5385 /* ObjectiveHub.h */ = {isa = PBXFileReference; fileEncoding = 4; lastKnownFileType = sourcecode.c.h; path = ObjectiveHub.h; sourceTree = "<group>"; };
		9C26FA02146B2DEF001A5385 /* ObjectiveHub.m */ = {isa = PBXFileReference; fileEncoding = 4; lastKnownFileType = sourcecode.c.objc; path = ObjectiveHub.m; sourceTree = "<group>"; };
		9C2F3E79146F3F2000C44A82 /* CDOHUser.h */ = {isa = PBXFileReference; fileEncoding = 4; lastKnownFileType = sourcecode.c.h; path = CDOHUser.h; sourceTree = "<group>"; };
		9C2F3E7A146F3F2000C44A82 /* CDOHUser.m */ = {isa = PBXFileReference; fileEncoding = 4; lastKnownFileType = sourcecode.c.objc; path = CDOHUser.m; sourceTree = "<group>"; };
		9C2F3E83146F464200C44A82 /* CDOHUserPrivate.h */ = {isa = PBXFileReference; fileEncoding = 4; lastKnownFileType = sourcecode.c.h; path = CDOHUserPrivate.h; sourceTree = "<group>"; };
		9C2F3E86146F5F7D00C44A82 /* CDOHPlan.h */ = {isa = PBXFileReference; fileEncoding = 4; lastKnownFileType = sourcecode.c.h; path = CDOHPlan.h; sourceTree = "<group>"; };
		9C2F3E87146F5F7D00C44A82 /* CDOHPlan.m */ = {isa = PBXFileReference; fileEncoding = 4; lastKnownFileType = sourcecode.c.objc; path = CDOHPlan.m; sourceTree = "<group>"; };
		9C2F3E8C146F5FC000C44A82 /* CDOHPlanPrivate.h */ = {isa = PBXFileReference; fileEncoding = 4; lastKnownFileType = sourcecode.c.h; path = CDOHPlanPrivate.h; sourceTree = "<group>"; };
		9C47C5501473E9C90026BD6D /* CDOHLibraryVersion.h */ = {isa = PBXFileReference; fileEncoding = 4; lastKnownFileType = sourcecode.c.h; path = CDOHLibraryVersion.h; sourceTree = "<group>"; };
		9C5D2D521470281A0064F02A /* ObjectiveHub Test App.app */ = {isa = PBXFileReference; explicitFileType = wrapper.application; includeInIndex = 0; path = "ObjectiveHub Test App.app"; sourceTree = BUILT_PRODUCTS_DIR; };
		9C5D2D571470281A0064F02A /* ObjectiveHub Test App-Info.plist */ = {isa = PBXFileReference; lastKnownFileType = text.plist.xml; path = "ObjectiveHub Test App-Info.plist"; sourceTree = "<group>"; };
		9C5D2D591470281A0064F02A /* en */ = {isa = PBXFileReference; lastKnownFileType = text.plist.strings; name = en; path = en.lproj/InfoPlist.strings; sourceTree = "<group>"; };
		9C5D2D5B1470281A0064F02A /* main.m */ = {isa = PBXFileReference; lastKnownFileType = sourcecode.c.objc; path = main.m; sourceTree = "<group>"; };
		9C5D2D5D1470281A0064F02A /* ObjectiveHub Test App-Prefix.pch */ = {isa = PBXFileReference; lastKnownFileType = sourcecode.c.h; path = "ObjectiveHub Test App-Prefix.pch"; sourceTree = "<group>"; };
		9C5D2D5F1470281A0064F02A /* en */ = {isa = PBXFileReference; lastKnownFileType = text.rtf; name = en; path = en.lproj/Credits.rtf; sourceTree = "<group>"; };
		9C5D2D611470281A0064F02A /* AppDelegate.h */ = {isa = PBXFileReference; lastKnownFileType = sourcecode.c.h; path = AppDelegate.h; sourceTree = "<group>"; };
		9C5D2D621470281A0064F02A /* AppDelegate.m */ = {isa = PBXFileReference; lastKnownFileType = sourcecode.c.objc; path = AppDelegate.m; sourceTree = "<group>"; };
		9C5D2D651470281B0064F02A /* en */ = {isa = PBXFileReference; lastKnownFileType = file.xib; name = en; path = en.lproj/MainMenu.xib; sourceTree = "<group>"; };
		9C5D2D70147029E10064F02A /* CDOHTestAppUserCredentials.h */ = {isa = PBXFileReference; fileEncoding = 4; lastKnownFileType = sourcecode.c.h; path = CDOHTestAppUserCredentials.h; sourceTree = "<group>"; };
		9C99909614AE70F100DFDD3B /* Foundation.framework */ = {isa = PBXFileReference; lastKnownFileType = wrapper.framework; name = Foundation.framework; path = SDKs/MacOSX10.7.sdk/System/Library/Frameworks/Foundation.framework; sourceTree = DEVELOPER_DIR; };
		9C99909914AE794F00DFDD3B /* AFJSONUtilities.h */ = {isa = PBXFileReference; fileEncoding = 4; lastKnownFileType = sourcecode.c.h; path = AFJSONUtilities.h; sourceTree = "<group>"; };
		9C9990A314AE7AEE00DFDD3B /* Cocoa.framework */ = {isa = PBXFileReference; lastKnownFileType = wrapper.framework; name = Cocoa.framework; path = SDKs/MacOSX10.7.sdk/System/Library/Frameworks/Cocoa.framework; sourceTree = DEVELOPER_DIR; };
		9C9990A614AE7B1600DFDD3B /* UIKit.framework */ = {isa = PBXFileReference; lastKnownFileType = wrapper.framework; name = UIKit.framework; path = Platforms/iPhoneOS.platform/Developer/SDKs/iPhoneOS5.0.sdk/System/Library/Frameworks/UIKit.framework; sourceTree = DEVELOPER_DIR; };
		9CE6633F1470929500D8A95F /* CDOHError.h */ = {isa = PBXFileReference; fileEncoding = 4; lastKnownFileType = sourcecode.c.h; path = CDOHError.h; sourceTree = "<group>"; };
		9CE663401470929500D8A95F /* CDOHError.m */ = {isa = PBXFileReference; fileEncoding = 4; lastKnownFileType = sourcecode.c.objc; path = CDOHError.m; sourceTree = "<group>"; };
		9CF962AC147FC01B00F52A98 /* CDOHRepository.h */ = {isa = PBXFileReference; fileEncoding = 4; lastKnownFileType = sourcecode.c.h; path = CDOHRepository.h; sourceTree = "<group>"; };
		9CF962AD147FC01B00F52A98 /* CDOHRepository.m */ = {isa = PBXFileReference; fileEncoding = 4; lastKnownFileType = sourcecode.c.objc; path = CDOHRepository.m; sourceTree = "<group>"; };
/* End PBXFileReference section */

/* Begin PBXFrameworksBuildPhase section */
		9C26F931146B2069001A5385 /* Frameworks */ = {
			isa = PBXFrameworksBuildPhase;
			buildActionMask = 2147483647;
			files = (
				9C9990A514AE7B0900DFDD3B /* Cocoa.framework in Frameworks */,
			);
			runOnlyForDeploymentPostprocessing = 0;
		};
		9C26F949146B2069001A5385 /* Frameworks */ = {
			isa = PBXFrameworksBuildPhase;
			buildActionMask = 2147483647;
			files = (
				9C99909714AE70F100DFDD3B /* Foundation.framework in Frameworks */,
				9C26F94F146B2069001A5385 /* SenTestingKit.framework in Frameworks */,
				9C26F953146B2069001A5385 /* ObjectiveHub.framework in Frameworks */,
			);
			runOnlyForDeploymentPostprocessing = 0;
		};
		9C26F964146B207A001A5385 /* Frameworks */ = {
			isa = PBXFrameworksBuildPhase;
			buildActionMask = 2147483647;
			files = (
				9C9990A714AE7B1600DFDD3B /* UIKit.framework in Frameworks */,
			);
			runOnlyForDeploymentPostprocessing = 0;
		};
		9C26F971146B207A001A5385 /* Frameworks */ = {
			isa = PBXFrameworksBuildPhase;
			buildActionMask = 2147483647;
			files = (
				9C26F976146B207A001A5385 /* SenTestingKit.framework in Frameworks */,
				9C26F979146B207A001A5385 /* Foundation.framework in Frameworks */,
				9C26F97C146B207A001A5385 /* libObjectiveHub.a in Frameworks */,
			);
			runOnlyForDeploymentPostprocessing = 0;
		};
		9C5D2D4F1470281A0064F02A /* Frameworks */ = {
			isa = PBXFrameworksBuildPhase;
			buildActionMask = 2147483647;
			files = (
				9C9990A814AE7B4A00DFDD3B /* Cocoa.framework in Frameworks */,
				9C5D2D6D147028290064F02A /* ObjectiveHub.framework in Frameworks */,
			);
			runOnlyForDeploymentPostprocessing = 0;
		};
/* End PBXFrameworksBuildPhase section */

/* Begin PBXGroup section */
		9C26F927146B1B74001A5385 = {
			isa = PBXGroup;
			children = (
				9C26F996146B20C7001A5385 /* Shared */,
				9C26F96A146B207A001A5385 /* ObjectiveHub iOS Specifics */,
				9C26F93E146B2069001A5385 /* ObjectiveHub Mac Specifics */,
				9C26F954146B2069001A5385 /* Unit Tests */,
				9C5D2D551470281A0064F02A /* ObjectiveHub Test App */,
				9C26F9A7146B23D9001A5385 /* Vendor */,
				9C26F937146B2069001A5385 /* Frameworks */,
				9C26F936146B2069001A5385 /* Products */,
			);
			sourceTree = "<group>";
		};
		9C26F936146B2069001A5385 /* Products */ = {
			isa = PBXGroup;
			children = (
				9C26F935146B2069001A5385 /* ObjectiveHub.framework */,
				9C26F94D146B2069001A5385 /* ObjectiveHub-MacTests.octest */,
				9C26F967146B207A001A5385 /* libObjectiveHub.a */,
				9C26F975146B207A001A5385 /* ObjectiveHub-iOSTests.octest */,
				9C5D2D521470281A0064F02A /* ObjectiveHub Test App.app */,
			);
			name = Products;
			sourceTree = "<group>";
		};
		9C26F937146B2069001A5385 /* Frameworks */ = {
			isa = PBXGroup;
			children = (
				9C9990A614AE7B1600DFDD3B /* UIKit.framework */,
				9C9990A314AE7AEE00DFDD3B /* Cocoa.framework */,
				9C99909614AE70F100DFDD3B /* Foundation.framework */,
				9C26F94E146B2069001A5385 /* SenTestingKit.framework */,
				9C26F968146B207A001A5385 /* Foundation.framework */,
				9C26F93A146B2069001A5385 /* Other Frameworks */,
			);
			name = Frameworks;
			sourceTree = "<group>";
		};
		9C26F93A146B2069001A5385 /* Other Frameworks */ = {
			isa = PBXGroup;
			children = (
				9C26F93B146B2069001A5385 /* AppKit.framework */,
				9C26F93C146B2069001A5385 /* CoreData.framework */,
				9C26F93D146B2069001A5385 /* Foundation.framework */,
			);
			name = "Other Frameworks";
			sourceTree = "<group>";
		};
		9C26F93E146B2069001A5385 /* ObjectiveHub Mac Specifics */ = {
			isa = PBXGroup;
			children = (
				9C26F93F146B2069001A5385 /* Supporting Files */,
			);
			name = "ObjectiveHub Mac Specifics";
			path = "ObjectiveHub-Mac";
			sourceTree = "<group>";
		};
		9C26F93F146B2069001A5385 /* Supporting Files */ = {
			isa = PBXGroup;
			children = (
				9C26F940146B2069001A5385 /* ObjectiveHub-Mac-Info.plist */,
				9C26F941146B2069001A5385 /* InfoPlist.strings */,
				9C26F944146B2069001A5385 /* ObjectiveHub-Mac-Prefix.pch */,
			);
			name = "Supporting Files";
			sourceTree = "<group>";
		};
		9C26F954146B2069001A5385 /* Unit Tests */ = {
			isa = PBXGroup;
			children = (
				9C26F95A146B2069001A5385 /* ObjectiveHub_Tests.h */,
				9C26F95B146B2069001A5385 /* ObjectiveHub_Tests.m */,
				9C26F955146B2069001A5385 /* Supporting Files */,
			);
			name = "Unit Tests";
			path = "ObjectiveHub-MacTests";
			sourceTree = "<group>";
		};
		9C26F955146B2069001A5385 /* Supporting Files */ = {
			isa = PBXGroup;
			children = (
				9C26F956146B2069001A5385 /* ObjectiveHub-MacTests-Info.plist */,
				9C26F957146B2069001A5385 /* InfoPlist.strings */,
			);
			name = "Supporting Files";
			sourceTree = "<group>";
		};
		9C26F96A146B207A001A5385 /* ObjectiveHub iOS Specifics */ = {
			isa = PBXGroup;
			children = (
				9C26F96B146B207A001A5385 /* Supporting Files */,
			);
			name = "ObjectiveHub iOS Specifics";
			path = "ObjectiveHub-iOS";
			sourceTree = "<group>";
		};
		9C26F96B146B207A001A5385 /* Supporting Files */ = {
			isa = PBXGroup;
			children = (
				9C26F96C146B207A001A5385 /* ObjectiveHub-iOS-Prefix.pch */,
			);
			name = "Supporting Files";
			sourceTree = "<group>";
		};
		9C26F996146B20C7001A5385 /* Shared */ = {
			isa = PBXGroup;
			children = (
				9C26FA09146B2E1E001A5385 /* Models */,
				9C26FA01146B2DEF001A5385 /* ObjectiveHub.h */,
				9C26FA02146B2DEF001A5385 /* ObjectiveHub.m */,
				9C47C5501473E9C90026BD6D /* CDOHLibraryVersion.h */,
			);
			path = Shared;
			sourceTree = "<group>";
		};
		9C26F9A7146B23D9001A5385 /* Vendor */ = {
			isa = PBXGroup;
			children = (
				9C26F9BF146B2979001A5385 /* AFNetworking */,
				9C26F9AC146B2424001A5385 /* JSONKit */,
			);
			path = Vendor;
			sourceTree = "<group>";
		};
		9C26F9AC146B2424001A5385 /* JSONKit */ = {
			isa = PBXGroup;
			children = (
				9C26F9AD146B2424001A5385 /* CHANGELOG.md */,
				9C26F9AE146B2424001A5385 /* JSONKit.h */,
				9C26F9AF146B2424001A5385 /* JSONKit.m */,
				9C26F9B0146B2424001A5385 /* README.md */,
			);
			path = JSONKit;
			sourceTree = "<group>";
		};
		9C26F9BF146B2979001A5385 /* AFNetworking */ = {
			isa = PBXGroup;
			children = (
				9C26F9C0146B2979001A5385 /* AFHTTPClient.h */,
				9C26F9C1146B2979001A5385 /* AFHTTPClient.m */,
				9C26F9C2146B2979001A5385 /* AFHTTPRequestOperation.h */,
				9C26F9C3146B2979001A5385 /* AFHTTPRequestOperation.m */,
				9C26F9C4146B2979001A5385 /* AFImageCache.h */,
				9C26F9C5146B2979001A5385 /* AFImageCache.m */,
				9C26F9C6146B2979001A5385 /* AFImageRequestOperation.h */,
				9C26F9C7146B2979001A5385 /* AFImageRequestOperation.m */,
				9C26F9C8146B2979001A5385 /* AFJSONRequestOperation.h */,
				9C26F9C9146B2979001A5385 /* AFJSONRequestOperation.m */,
				9C99909914AE794F00DFDD3B /* AFJSONUtilities.h */,
				9C26F9CA146B2979001A5385 /* AFNetworkActivityIndicatorManager.h */,
				9C26F9CB146B2979001A5385 /* AFNetworkActivityIndicatorManager.m */,
				9C26F9CC146B2979001A5385 /* AFNetworking.h */,
				9C26F9CD146B2979001A5385 /* AFPropertyListRequestOperation.h */,
				9C26F9CE146B2979001A5385 /* AFPropertyListRequestOperation.m */,
				9C26F9CF146B2979001A5385 /* AFURLConnectionOperation.h */,
				9C26F9D0146B2979001A5385 /* AFURLConnectionOperation.m */,
				9C26F9D1146B2979001A5385 /* AFXMLRequestOperation.h */,
				9C26F9D2146B2979001A5385 /* AFXMLRequestOperation.m */,
				9C26F9D3146B2979001A5385 /* UIImageView+AFNetworking.h */,
				9C26F9D4146B2979001A5385 /* UIImageView+AFNetworking.m */,
			);
			name = AFNetworking;
			path = AFNetworking/AFNetworking;
			sourceTree = "<group>";
		};
		9C26FA09146B2E1E001A5385 /* Models */ = {
			isa = PBXGroup;
			children = (
				9C2F3E82146F44E000C44A82 /* Private Model Interfaces */,
				9CE6633F1470929500D8A95F /* CDOHError.h */,
				9CE663401470929500D8A95F /* CDOHError.m */,
				9C2F3E79146F3F2000C44A82 /* CDOHUser.h */,
				9C2F3E7A146F3F2000C44A82 /* CDOHUser.m */,
				9C2F3E86146F5F7D00C44A82 /* CDOHPlan.h */,
				9C2F3E87146F5F7D00C44A82 /* CDOHPlan.m */,
				9CF962AC147FC01B00F52A98 /* CDOHRepository.h */,
				9CF962AD147FC01B00F52A98 /* CDOHRepository.m */,
			);
			name = Models;
			sourceTree = "<group>";
		};
		9C2F3E82146F44E000C44A82 /* Private Model Interfaces */ = {
			isa = PBXGroup;
			children = (
				9C2F3E83146F464200C44A82 /* CDOHUserPrivate.h */,
				9C2F3E8C146F5FC000C44A82 /* CDOHPlanPrivate.h */,
			);
			name = "Private Model Interfaces";
			sourceTree = "<group>";
		};
		9C5D2D551470281A0064F02A /* ObjectiveHub Test App */ = {
			isa = PBXGroup;
			children = (
				9C5D2D70147029E10064F02A /* CDOHTestAppUserCredentials.h */,
				9C5D2D611470281A0064F02A /* AppDelegate.h */,
				9C5D2D621470281A0064F02A /* AppDelegate.m */,
				9C5D2D641470281B0064F02A /* MainMenu.xib */,
				9C5D2D561470281A0064F02A /* Supporting Files */,
			);
			path = "ObjectiveHub Test App";
			sourceTree = "<group>";
		};
		9C5D2D561470281A0064F02A /* Supporting Files */ = {
			isa = PBXGroup;
			children = (
				9C5D2D571470281A0064F02A /* ObjectiveHub Test App-Info.plist */,
				9C5D2D581470281A0064F02A /* InfoPlist.strings */,
				9C5D2D5B1470281A0064F02A /* main.m */,
				9C5D2D5D1470281A0064F02A /* ObjectiveHub Test App-Prefix.pch */,
				9C5D2D5E1470281A0064F02A /* Credits.rtf */,
			);
			name = "Supporting Files";
			sourceTree = "<group>";
		};
/* End PBXGroup section */

/* Begin PBXHeadersBuildPhase section */
		9C26F932146B2069001A5385 /* Headers */ = {
			isa = PBXHeadersBuildPhase;
			buildActionMask = 2147483647;
			files = (
				9C26FA03146B2DEF001A5385 /* ObjectiveHub.h in Headers */,
				9CE663411470929500D8A95F /* CDOHError.h in Headers */,
				9C2F3E7B146F3F2000C44A82 /* CDOHUser.h in Headers */,
				9C2F3E88146F5F7D00C44A82 /* CDOHPlan.h in Headers */,
				9CF962AE147FC01B00F52A98 /* CDOHRepository.h in Headers */,
				9C26F9B2146B2424001A5385 /* JSONKit.h in Headers */,
				9C26F9D5146B2979001A5385 /* AFHTTPClient.h in Headers */,
				9C26F9D9146B2979001A5385 /* AFHTTPRequestOperation.h in Headers */,
				9C26F9DD146B2979001A5385 /* AFImageCache.h in Headers */,
				9C26F9E1146B2979001A5385 /* AFImageRequestOperation.h in Headers */,
				9C26F9E5146B2979001A5385 /* AFJSONRequestOperation.h in Headers */,
				9C26F9E9146B2979001A5385 /* AFNetworkActivityIndicatorManager.h in Headers */,
				9C26F9ED146B2979001A5385 /* AFNetworking.h in Headers */,
				9C26F9EF146B2979001A5385 /* AFPropertyListRequestOperation.h in Headers */,
				9C26F9F3146B2979001A5385 /* AFURLConnectionOperation.h in Headers */,
				9C26F9F7146B2979001A5385 /* AFXMLRequestOperation.h in Headers */,
				9C26F9FB146B2979001A5385 /* UIImageView+AFNetworking.h in Headers */,
				9C2F3E84146F464200C44A82 /* CDOHUserPrivate.h in Headers */,
				9C2F3E8D146F5FC000C44A82 /* CDOHPlanPrivate.h in Headers */,
				9C47C5511473E9C90026BD6D /* CDOHLibraryVersion.h in Headers */,
				9C99909A14AE794F00DFDD3B /* AFJSONUtilities.h in Headers */,
			);
			runOnlyForDeploymentPostprocessing = 0;
		};
		9C26F965146B207A001A5385 /* Headers */ = {
			isa = PBXHeadersBuildPhase;
			buildActionMask = 2147483647;
			files = (
				9C26FA04146B2DEF001A5385 /* ObjectiveHub.h in Headers */,
				9CE663421470929500D8A95F /* CDOHError.h in Headers */,
				9C2F3E7C146F3F2000C44A82 /* CDOHUser.h in Headers */,
				9C2F3E89146F5F7D00C44A82 /* CDOHPlan.h in Headers */,
				9CF962AF147FC01B00F52A98 /* CDOHRepository.h in Headers */,
				9C26F9B3146B2424001A5385 /* JSONKit.h in Headers */,
				9C26F9D6146B2979001A5385 /* AFHTTPClient.h in Headers */,
				9C26F9DA146B2979001A5385 /* AFHTTPRequestOperation.h in Headers */,
				9C26F9DE146B2979001A5385 /* AFImageCache.h in Headers */,
				9C26F9E2146B2979001A5385 /* AFImageRequestOperation.h in Headers */,
				9C26F9E6146B2979001A5385 /* AFJSONRequestOperation.h in Headers */,
				9C26F9EA146B2979001A5385 /* AFNetworkActivityIndicatorManager.h in Headers */,
				9C26F9EE146B2979001A5385 /* AFNetworking.h in Headers */,
				9C26F9F0146B2979001A5385 /* AFPropertyListRequestOperation.h in Headers */,
				9C26F9F4146B2979001A5385 /* AFURLConnectionOperation.h in Headers */,
				9C26F9F8146B2979001A5385 /* AFXMLRequestOperation.h in Headers */,
				9C26F9FC146B2979001A5385 /* UIImageView+AFNetworking.h in Headers */,
				9C2F3E85146F464200C44A82 /* CDOHUserPrivate.h in Headers */,
				9C2F3E8E146F5FC000C44A82 /* CDOHPlanPrivate.h in Headers */,
				9C47C5521473E9C90026BD6D /* CDOHLibraryVersion.h in Headers */,
				9C99909B14AE794F00DFDD3B /* AFJSONUtilities.h in Headers */,
			);
			runOnlyForDeploymentPostprocessing = 0;
		};
/* End PBXHeadersBuildPhase section */

/* Begin PBXNativeTarget section */
		9C26F934146B2069001A5385 /* ObjectiveHub-Mac */ = {
			isa = PBXNativeTarget;
			buildConfigurationList = 9C26F95D146B2069001A5385 /* Build configuration list for PBXNativeTarget "ObjectiveHub-Mac" */;
			buildPhases = (
				9C26F930146B2069001A5385 /* Sources */,
				9C26F931146B2069001A5385 /* Frameworks */,
				9C26F932146B2069001A5385 /* Headers */,
				9C26F933146B2069001A5385 /* Resources */,
			);
			buildRules = (
			);
			dependencies = (
			);
			name = "ObjectiveHub-Mac";
			productName = "ObjectiveHub-Mac";
			productReference = 9C26F935146B2069001A5385 /* ObjectiveHub.framework */;
			productType = "com.apple.product-type.framework";
		};
		9C26F94C146B2069001A5385 /* ObjectiveHub-MacTests */ = {
			isa = PBXNativeTarget;
			buildConfigurationList = 9C26F960146B2069001A5385 /* Build configuration list for PBXNativeTarget "ObjectiveHub-MacTests" */;
			buildPhases = (
				9C26F948146B2069001A5385 /* Sources */,
				9C26F949146B2069001A5385 /* Frameworks */,
				9C26F94A146B2069001A5385 /* Resources */,
				9C26F94B146B2069001A5385 /* ShellScript */,
			);
			buildRules = (
			);
			dependencies = (
				9C26F952146B2069001A5385 /* PBXTargetDependency */,
			);
			name = "ObjectiveHub-MacTests";
			productName = "ObjectiveHub-MacTests";
			productReference = 9C26F94D146B2069001A5385 /* ObjectiveHub-MacTests.octest */;
			productType = "com.apple.product-type.bundle";
		};
		9C26F966146B207A001A5385 /* ObjectiveHub-iOS */ = {
			isa = PBXNativeTarget;
			buildConfigurationList = 9C26F986146B207A001A5385 /* Build configuration list for PBXNativeTarget "ObjectiveHub-iOS" */;
			buildPhases = (
				9C26F963146B207A001A5385 /* Sources */,
				9C26F964146B207A001A5385 /* Frameworks */,
				9C26F965146B207A001A5385 /* Headers */,
			);
			buildRules = (
			);
			dependencies = (
			);
			name = "ObjectiveHub-iOS";
			productName = "ObjectiveHub-iOS";
			productReference = 9C26F967146B207A001A5385 /* libObjectiveHub.a */;
			productType = "com.apple.product-type.library.static";
		};
		9C26F974146B207A001A5385 /* ObjectiveHub-iOSTests */ = {
			isa = PBXNativeTarget;
			buildConfigurationList = 9C26F989146B207A001A5385 /* Build configuration list for PBXNativeTarget "ObjectiveHub-iOSTests" */;
			buildPhases = (
				9C26F970146B207A001A5385 /* Sources */,
				9C26F971146B207A001A5385 /* Frameworks */,
				9C26F972146B207A001A5385 /* Resources */,
				9C26F973146B207A001A5385 /* ShellScript */,
			);
			buildRules = (
			);
			dependencies = (
				9C26F97B146B207A001A5385 /* PBXTargetDependency */,
			);
			name = "ObjectiveHub-iOSTests";
			productName = "ObjectiveHub-iOSTests";
			productReference = 9C26F975146B207A001A5385 /* ObjectiveHub-iOSTests.octest */;
			productType = "com.apple.product-type.bundle";
		};
		9C5D2D511470281A0064F02A /* ObjectiveHub Test App */ = {
			isa = PBXNativeTarget;
			buildConfigurationList = 9C5D2D691470281B0064F02A /* Build configuration list for PBXNativeTarget "ObjectiveHub Test App" */;
			buildPhases = (
				9C5D2D4E1470281A0064F02A /* Sources */,
				9C5D2D4F1470281A0064F02A /* Frameworks */,
				9C5D2D501470281A0064F02A /* Resources */,
				9C5D2D6E1470292A0064F02A /* Copy Frameworks */,
			);
			buildRules = (
			);
			dependencies = (
				9C5D2D6C147028220064F02A /* PBXTargetDependency */,
			);
			name = "ObjectiveHub Test App";
			productName = "ObjectiveHub Test App";
			productReference = 9C5D2D521470281A0064F02A /* ObjectiveHub Test App.app */;
			productType = "com.apple.product-type.application";
		};
/* End PBXNativeTarget section */

/* Begin PBXProject section */
		9C26F929146B1B74001A5385 /* Project object */ = {
			isa = PBXProject;
			attributes = {
				LastUpgradeCheck = 0420;
				ORGANIZATIONNAME = "Aron Cedercrantz";
			};
			buildConfigurationList = 9C26F92C146B1B74001A5385 /* Build configuration list for PBXProject "ObjectiveHub" */;
			compatibilityVersion = "Xcode 3.2";
			developmentRegion = English;
			hasScannedForEncodings = 0;
			knownRegions = (
				en,
			);
			mainGroup = 9C26F927146B1B74001A5385;
			productRefGroup = 9C26F936146B2069001A5385 /* Products */;
			projectDirPath = "";
			projectRoot = "";
			targets = (
				9C26F98C146B208D001A5385 /* All Libraries */,
				9C26FA0A146B3950001A5385 /* Documentation */,
				9C26F934146B2069001A5385 /* ObjectiveHub-Mac */,
				9C26F94C146B2069001A5385 /* ObjectiveHub-MacTests */,
				9C26F966146B207A001A5385 /* ObjectiveHub-iOS */,
				9C26F974146B207A001A5385 /* ObjectiveHub-iOSTests */,
				9C5D2D511470281A0064F02A /* ObjectiveHub Test App */,
			);
		};
/* End PBXProject section */

/* Begin PBXResourcesBuildPhase section */
		9C26F933146B2069001A5385 /* Resources */ = {
			isa = PBXResourcesBuildPhase;
			buildActionMask = 2147483647;
			files = (
				9C26F943146B2069001A5385 /* InfoPlist.strings in Resources */,
			);
			runOnlyForDeploymentPostprocessing = 0;
		};
		9C26F94A146B2069001A5385 /* Resources */ = {
			isa = PBXResourcesBuildPhase;
			buildActionMask = 2147483647;
			files = (
				9C26F959146B2069001A5385 /* InfoPlist.strings in Resources */,
			);
			runOnlyForDeploymentPostprocessing = 0;
		};
		9C26F972146B207A001A5385 /* Resources */ = {
			isa = PBXResourcesBuildPhase;
			buildActionMask = 2147483647;
			files = (
			);
			runOnlyForDeploymentPostprocessing = 0;
		};
		9C5D2D501470281A0064F02A /* Resources */ = {
			isa = PBXResourcesBuildPhase;
			buildActionMask = 2147483647;
			files = (
				9C5D2D5A1470281A0064F02A /* InfoPlist.strings in Resources */,
				9C5D2D601470281A0064F02A /* Credits.rtf in Resources */,
				9C5D2D661470281B0064F02A /* MainMenu.xib in Resources */,
			);
			runOnlyForDeploymentPostprocessing = 0;
		};
/* End PBXResourcesBuildPhase section */

/* Begin PBXShellScriptBuildPhase section */
		9C26F94B146B2069001A5385 /* ShellScript */ = {
			isa = PBXShellScriptBuildPhase;
			buildActionMask = 2147483647;
			files = (
			);
			inputPaths = (
			);
			outputPaths = (
			);
			runOnlyForDeploymentPostprocessing = 0;
			shellPath = /bin/sh;
			shellScript = "# Run the unit tests in this test bundle.\n\"${SYSTEM_DEVELOPER_DIR}/Tools/RunUnitTests\"\n";
		};
		9C26F973146B207A001A5385 /* ShellScript */ = {
			isa = PBXShellScriptBuildPhase;
			buildActionMask = 2147483647;
			files = (
			);
			inputPaths = (
			);
			outputPaths = (
			);
			runOnlyForDeploymentPostprocessing = 0;
			shellPath = /bin/sh;
			shellScript = "# Run the unit tests in this test bundle.\n\"${SYSTEM_DEVELOPER_DIR}/Tools/RunUnitTests\"\n";
		};
		9C26FA0E146B3958001A5385 /* ShellScript */ = {
			isa = PBXShellScriptBuildPhase;
			buildActionMask = 2147483647;
			files = (
			);
			inputPaths = (
			);
			outputPaths = (
			);
			runOnlyForDeploymentPostprocessing = 0;
			shellPath = /bin/sh;
			shellScript = "# \n# Generates API documentation with the help of appledoc.\n# Generates both HTML code and a DocSet (which *can* be installed into Xcode).\n#\n# Copyright (c) 2011 Fruit is Good. All rights reserved.\n#\n\n#                            Output dir:        Search dirs (space separated list):           The version\n./Scripts/GenerateAPIDocs.sh \"Documentation\"    \"ObjectiveHub-Mac ObjectiveHub-iOS Shared\"    \"${DOCS_LIBRARY_VERSION}\"\n";
		};
/* End PBXShellScriptBuildPhase section */

/* Begin PBXSourcesBuildPhase section */
		9C26F930146B2069001A5385 /* Sources */ = {
			isa = PBXSourcesBuildPhase;
			buildActionMask = 2147483647;
			files = (
				9C26F9B4146B2424001A5385 /* JSONKit.m in Sources */,
				9C26F9D7146B2979001A5385 /* AFHTTPClient.m in Sources */,
				9C26F9DB146B2979001A5385 /* AFHTTPRequestOperation.m in Sources */,
				9C26F9DF146B2979001A5385 /* AFImageCache.m in Sources */,
				9C26F9E3146B2979001A5385 /* AFImageRequestOperation.m in Sources */,
				9C26F9E7146B2979001A5385 /* AFJSONRequestOperation.m in Sources */,
				9C26F9EB146B2979001A5385 /* AFNetworkActivityIndicatorManager.m in Sources */,
				9C26F9F1146B2979001A5385 /* AFPropertyListRequestOperation.m in Sources */,
				9C26F9F5146B2979001A5385 /* AFURLConnectionOperation.m in Sources */,
				9C26F9F9146B2979001A5385 /* AFXMLRequestOperation.m in Sources */,
				9C26F9FD146B2979001A5385 /* UIImageView+AFNetworking.m in Sources */,
				9C26FA05146B2DEF001A5385 /* ObjectiveHub.m in Sources */,
				9C2F3E7D146F3F2000C44A82 /* CDOHUser.m in Sources */,
				9C2F3E8A146F5F7D00C44A82 /* CDOHPlan.m in Sources */,
				9CE663431470929500D8A95F /* CDOHError.m in Sources */,
				9CF962B0147FC01B00F52A98 /* CDOHRepository.m in Sources */,
			);
			runOnlyForDeploymentPostprocessing = 0;
		};
		9C26F948146B2069001A5385 /* Sources */ = {
			isa = PBXSourcesBuildPhase;
			buildActionMask = 2147483647;
			files = (
				9C26F95C146B2069001A5385 /* ObjectiveHub_Tests.m in Sources */,
				9C26FA06146B2DEF001A5385 /* ObjectiveHub.m in Sources */,
			);
			runOnlyForDeploymentPostprocessing = 0;
		};
		9C26F963146B207A001A5385 /* Sources */ = {
			isa = PBXSourcesBuildPhase;
			buildActionMask = 2147483647;
			files = (
				9C26F9B5146B2424001A5385 /* JSONKit.m in Sources */,
				9C26F9D8146B2979001A5385 /* AFHTTPClient.m in Sources */,
				9C26F9DC146B2979001A5385 /* AFHTTPRequestOperation.m in Sources */,
				9C26F9E0146B2979001A5385 /* AFImageCache.m in Sources */,
				9C26F9E4146B2979001A5385 /* AFImageRequestOperation.m in Sources */,
				9C26F9E8146B2979001A5385 /* AFJSONRequestOperation.m in Sources */,
				9C26F9EC146B2979001A5385 /* AFNetworkActivityIndicatorManager.m in Sources */,
				9C26F9F2146B2979001A5385 /* AFPropertyListRequestOperation.m in Sources */,
				9C26F9F6146B2979001A5385 /* AFURLConnectionOperation.m in Sources */,
				9C26F9FA146B2979001A5385 /* AFXMLRequestOperation.m in Sources */,
				9C26F9FE146B2979001A5385 /* UIImageView+AFNetworking.m in Sources */,
				9C26FA07146B2DEF001A5385 /* ObjectiveHub.m in Sources */,
				9C2F3E7E146F3F2000C44A82 /* CDOHUser.m in Sources */,
				9C2F3E8B146F5F7D00C44A82 /* CDOHPlan.m in Sources */,
				9CE663441470929500D8A95F /* CDOHError.m in Sources */,
				9CF962B1147FC01B00F52A98 /* CDOHRepository.m in Sources */,
			);
			runOnlyForDeploymentPostprocessing = 0;
		};
		9C26F970146B207A001A5385 /* Sources */ = {
			isa = PBXSourcesBuildPhase;
			buildActionMask = 2147483647;
			files = (
				9C26FA08146B2DEF001A5385 /* ObjectiveHub.m in Sources */,
				9C99909514AE708F00DFDD3B /* ObjectiveHub_Tests.m in Sources */,
			);
			runOnlyForDeploymentPostprocessing = 0;
		};
		9C5D2D4E1470281A0064F02A /* Sources */ = {
			isa = PBXSourcesBuildPhase;
			buildActionMask = 2147483647;
			files = (
				9C5D2D5C1470281A0064F02A /* main.m in Sources */,
				9C5D2D631470281A0064F02A /* AppDelegate.m in Sources */,
			);
			runOnlyForDeploymentPostprocessing = 0;
		};
/* End PBXSourcesBuildPhase section */

/* Begin PBXTargetDependency section */
		9C26F952146B2069001A5385 /* PBXTargetDependency */ = {
			isa = PBXTargetDependency;
			target = 9C26F934146B2069001A5385 /* ObjectiveHub-Mac */;
			targetProxy = 9C26F951146B2069001A5385 /* PBXContainerItemProxy */;
		};
		9C26F97B146B207A001A5385 /* PBXTargetDependency */ = {
			isa = PBXTargetDependency;
			target = 9C26F966146B207A001A5385 /* ObjectiveHub-iOS */;
			targetProxy = 9C26F97A146B207A001A5385 /* PBXContainerItemProxy */;
		};
		9C26F9A9146B2402001A5385 /* PBXTargetDependency */ = {
			isa = PBXTargetDependency;
			target = 9C26F934146B2069001A5385 /* ObjectiveHub-Mac */;
			targetProxy = 9C26F9A8146B2402001A5385 /* PBXContainerItemProxy */;
		};
		9C26F9AB146B2402001A5385 /* PBXTargetDependency */ = {
			isa = PBXTargetDependency;
			target = 9C26F966146B207A001A5385 /* ObjectiveHub-iOS */;
			targetProxy = 9C26F9AA146B2402001A5385 /* PBXContainerItemProxy */;
		};
		9C5D2D6C147028220064F02A /* PBXTargetDependency */ = {
			isa = PBXTargetDependency;
			target = 9C26F934146B2069001A5385 /* ObjectiveHub-Mac */;
			targetProxy = 9C5D2D6B147028220064F02A /* PBXContainerItemProxy */;
		};
		9C99909E14AE7A0600DFDD3B /* PBXTargetDependency */ = {
			isa = PBXTargetDependency;
			target = 9C26FA0A146B3950001A5385 /* Documentation */;
			targetProxy = 9C99909D14AE7A0600DFDD3B /* PBXContainerItemProxy */;
		};
		9C9990A014AE7A0600DFDD3B /* PBXTargetDependency */ = {
			isa = PBXTargetDependency;
			target = 9C26F94C146B2069001A5385 /* ObjectiveHub-MacTests */;
			targetProxy = 9C99909F14AE7A0600DFDD3B /* PBXContainerItemProxy */;
		};
		9C9990A214AE7A0600DFDD3B /* PBXTargetDependency */ = {
			isa = PBXTargetDependency;
			target = 9C26F974146B207A001A5385 /* ObjectiveHub-iOSTests */;
			targetProxy = 9C9990A114AE7A0600DFDD3B /* PBXContainerItemProxy */;
		};
/* End PBXTargetDependency section */

/* Begin PBXVariantGroup section */
		9C26F941146B2069001A5385 /* InfoPlist.strings */ = {
			isa = PBXVariantGroup;
			children = (
				9C26F942146B2069001A5385 /* en */,
			);
			name = InfoPlist.strings;
			sourceTree = "<group>";
		};
		9C26F957146B2069001A5385 /* InfoPlist.strings */ = {
			isa = PBXVariantGroup;
			children = (
				9C26F958146B2069001A5385 /* en */,
			);
			name = InfoPlist.strings;
			sourceTree = "<group>";
		};
		9C5D2D581470281A0064F02A /* InfoPlist.strings */ = {
			isa = PBXVariantGroup;
			children = (
				9C5D2D591470281A0064F02A /* en */,
			);
			name = InfoPlist.strings;
			sourceTree = "<group>";
		};
		9C5D2D5E1470281A0064F02A /* Credits.rtf */ = {
			isa = PBXVariantGroup;
			children = (
				9C5D2D5F1470281A0064F02A /* en */,
			);
			name = Credits.rtf;
			sourceTree = "<group>";
		};
		9C5D2D641470281B0064F02A /* MainMenu.xib */ = {
			isa = PBXVariantGroup;
			children = (
				9C5D2D651470281B0064F02A /* en */,
			);
			name = MainMenu.xib;
			sourceTree = "<group>";
		};
/* End PBXVariantGroup section */

/* Begin XCBuildConfiguration section */
		9C26F92E146B1B74001A5385 /* Debug */ = {
			isa = XCBuildConfiguration;
			buildSettings = {
				CLANG_ENABLE_OBJC_ARC = YES;
				GCC_TREAT_WARNINGS_AS_ERRORS = YES;
				GCC_WARN_ABOUT_MISSING_FIELD_INITIALIZERS = YES;
				GCC_WARN_ABOUT_MISSING_NEWLINE = YES;
				GCC_WARN_INITIALIZER_NOT_FULLY_BRACKETED = YES;
				GCC_WARN_SHADOW = YES;
				GCC_WARN_SIGN_COMPARE = YES;
				GCC_WARN_UNDECLARED_SELECTOR = YES;
				GCC_WARN_UNUSED_FUNCTION = NO;
				GCC_WARN_UNUSED_LABEL = YES;
				GCC_WARN_UNUSED_PARAMETER = YES;
				IPHONEOS_DEPLOYMENT_TARGET = 4.2;
				MACOSX_DEPLOYMENT_TARGET = 10.6;
			};
			name = Debug;
		};
		9C26F92F146B1B74001A5385 /* Release */ = {
			isa = XCBuildConfiguration;
			buildSettings = {
				CLANG_ENABLE_OBJC_ARC = YES;
				GCC_TREAT_WARNINGS_AS_ERRORS = YES;
				GCC_WARN_ABOUT_MISSING_FIELD_INITIALIZERS = YES;
				GCC_WARN_ABOUT_MISSING_NEWLINE = YES;
				GCC_WARN_INITIALIZER_NOT_FULLY_BRACKETED = YES;
				GCC_WARN_SHADOW = YES;
				GCC_WARN_SIGN_COMPARE = YES;
				GCC_WARN_UNDECLARED_SELECTOR = YES;
				GCC_WARN_UNUSED_FUNCTION = NO;
				GCC_WARN_UNUSED_LABEL = YES;
				GCC_WARN_UNUSED_PARAMETER = YES;
				IPHONEOS_DEPLOYMENT_TARGET = 4.2;
				MACOSX_DEPLOYMENT_TARGET = 10.6;
			};
			name = Release;
		};
		9C26F95E146B2069001A5385 /* Debug */ = {
			isa = XCBuildConfiguration;
			buildSettings = {
				ALWAYS_SEARCH_USER_PATHS = NO;
				ARCHS = "$(ARCHS_STANDARD_64_BIT)";
				COPY_PHASE_STRIP = NO;
				DYLIB_COMPATIBILITY_VERSION = 1;
				DYLIB_CURRENT_VERSION = 1;
				FRAMEWORK_VERSION = A;
				GCC_C_LANGUAGE_STANDARD = gnu99;
				GCC_DYNAMIC_NO_PIC = NO;
				GCC_ENABLE_OBJC_EXCEPTIONS = YES;
				GCC_OPTIMIZATION_LEVEL = 0;
				GCC_PRECOMPILE_PREFIX_HEADER = YES;
				GCC_PREFIX_HEADER = "ObjectiveHub-Mac/ObjectiveHub-Mac-Prefix.pch";
				GCC_PREPROCESSOR_DEFINITIONS = (
					"DEBUG=1",
					"$(inherited)",
				);
				GCC_SYMBOLS_PRIVATE_EXTERN = NO;
				GCC_TREAT_WARNINGS_AS_ERRORS = YES;
				GCC_VERSION = com.apple.compilers.llvm.clang.1_0;
				GCC_WARN_64_TO_32_BIT_CONVERSION = YES;
				GCC_WARN_ABOUT_MISSING_FIELD_INITIALIZERS = YES;
				GCC_WARN_ABOUT_MISSING_PROTOTYPES = YES;
				GCC_WARN_ABOUT_RETURN_TYPE = YES;
				GCC_WARN_UNUSED_FUNCTION = NO;
				GCC_WARN_UNUSED_LABEL = YES;
				GCC_WARN_UNUSED_PARAMETER = YES;
				GCC_WARN_UNUSED_VARIABLE = YES;
				INFOPLIST_FILE = "ObjectiveHub-Mac/ObjectiveHub-Mac-Info.plist";
				INSTALL_PATH = "@loader_path/../Frameworks";
				MACOSX_DEPLOYMENT_TARGET = 10.6;
				ONLY_ACTIVE_ARCH = YES;
				PRODUCT_NAME = ObjectiveHub;
				RUN_CLANG_STATIC_ANALYZER = YES;
				SDKROOT = macosx;
				WRAPPER_EXTENSION = framework;
			};
			name = Debug;
		};
		9C26F95F146B2069001A5385 /* Release */ = {
			isa = XCBuildConfiguration;
			buildSettings = {
				ALWAYS_SEARCH_USER_PATHS = NO;
				ARCHS = "$(ARCHS_STANDARD_64_BIT)";
				COPY_PHASE_STRIP = YES;
				DEBUG_INFORMATION_FORMAT = "dwarf-with-dsym";
				DYLIB_COMPATIBILITY_VERSION = 1;
				DYLIB_CURRENT_VERSION = 1;
				FRAMEWORK_VERSION = A;
				GCC_C_LANGUAGE_STANDARD = gnu99;
				GCC_ENABLE_OBJC_EXCEPTIONS = YES;
				GCC_PRECOMPILE_PREFIX_HEADER = YES;
				GCC_PREFIX_HEADER = "ObjectiveHub-Mac/ObjectiveHub-Mac-Prefix.pch";
				GCC_TREAT_WARNINGS_AS_ERRORS = YES;
				GCC_VERSION = com.apple.compilers.llvm.clang.1_0;
				GCC_WARN_64_TO_32_BIT_CONVERSION = YES;
				GCC_WARN_ABOUT_MISSING_FIELD_INITIALIZERS = YES;
				GCC_WARN_ABOUT_MISSING_PROTOTYPES = YES;
				GCC_WARN_ABOUT_RETURN_TYPE = YES;
				GCC_WARN_UNUSED_FUNCTION = NO;
				GCC_WARN_UNUSED_LABEL = YES;
				GCC_WARN_UNUSED_PARAMETER = YES;
				GCC_WARN_UNUSED_VARIABLE = YES;
				INFOPLIST_FILE = "ObjectiveHub-Mac/ObjectiveHub-Mac-Info.plist";
				INSTALL_PATH = "@loader_path/../Frameworks";
				MACOSX_DEPLOYMENT_TARGET = 10.6;
				PRODUCT_NAME = ObjectiveHub;
				RUN_CLANG_STATIC_ANALYZER = YES;
				SDKROOT = macosx;
				WRAPPER_EXTENSION = framework;
			};
			name = Release;
		};
		9C26F961146B2069001A5385 /* Debug */ = {
			isa = XCBuildConfiguration;
			buildSettings = {
				ALWAYS_SEARCH_USER_PATHS = NO;
				ARCHS = "$(ARCHS_STANDARD_64_BIT)";
				COPY_PHASE_STRIP = NO;
				FRAMEWORK_SEARCH_PATHS = "$(DEVELOPER_LIBRARY_DIR)/Frameworks";
				GCC_C_LANGUAGE_STANDARD = gnu99;
				GCC_DYNAMIC_NO_PIC = NO;
				GCC_ENABLE_OBJC_EXCEPTIONS = YES;
				GCC_OPTIMIZATION_LEVEL = 0;
				GCC_PRECOMPILE_PREFIX_HEADER = YES;
				GCC_PREFIX_HEADER = "ObjectiveHub-Mac/ObjectiveHub-Mac-Prefix.pch";
				GCC_PREPROCESSOR_DEFINITIONS = (
					"DEBUG=1",
					"$(inherited)",
				);
				GCC_SYMBOLS_PRIVATE_EXTERN = NO;
				GCC_VERSION = com.apple.compilers.llvm.clang.1_0;
				GCC_WARN_64_TO_32_BIT_CONVERSION = YES;
				GCC_WARN_ABOUT_MISSING_PROTOTYPES = YES;
				GCC_WARN_ABOUT_RETURN_TYPE = YES;
				GCC_WARN_UNUSED_VARIABLE = YES;
				INFOPLIST_FILE = "ObjectiveHub-MacTests/ObjectiveHub-MacTests-Info.plist";
				MACOSX_DEPLOYMENT_TARGET = 10.7;
				ONLY_ACTIVE_ARCH = YES;
				PRODUCT_NAME = "$(TARGET_NAME)";
				SDKROOT = macosx;
				WRAPPER_EXTENSION = octest;
			};
			name = Debug;
		};
		9C26F962146B2069001A5385 /* Release */ = {
			isa = XCBuildConfiguration;
			buildSettings = {
				ALWAYS_SEARCH_USER_PATHS = NO;
				ARCHS = "$(ARCHS_STANDARD_64_BIT)";
				COPY_PHASE_STRIP = YES;
				DEBUG_INFORMATION_FORMAT = "dwarf-with-dsym";
				FRAMEWORK_SEARCH_PATHS = "$(DEVELOPER_LIBRARY_DIR)/Frameworks";
				GCC_C_LANGUAGE_STANDARD = gnu99;
				GCC_ENABLE_OBJC_EXCEPTIONS = YES;
				GCC_PRECOMPILE_PREFIX_HEADER = YES;
				GCC_PREFIX_HEADER = "ObjectiveHub-Mac/ObjectiveHub-Mac-Prefix.pch";
				GCC_VERSION = com.apple.compilers.llvm.clang.1_0;
				GCC_WARN_64_TO_32_BIT_CONVERSION = YES;
				GCC_WARN_ABOUT_MISSING_PROTOTYPES = YES;
				GCC_WARN_ABOUT_RETURN_TYPE = YES;
				GCC_WARN_UNUSED_VARIABLE = YES;
				INFOPLIST_FILE = "ObjectiveHub-MacTests/ObjectiveHub-MacTests-Info.plist";
				MACOSX_DEPLOYMENT_TARGET = 10.7;
				PRODUCT_NAME = "$(TARGET_NAME)";
				SDKROOT = macosx;
				WRAPPER_EXTENSION = octest;
			};
			name = Release;
		};
		9C26F987146B207A001A5385 /* Debug */ = {
			isa = XCBuildConfiguration;
			buildSettings = {
				ALWAYS_SEARCH_USER_PATHS = NO;
				ARCHS = "$(ARCHS_STANDARD_32_BIT)";
				COPY_PHASE_STRIP = NO;
				DSTROOT = /tmp/ObjectiveHub_iOS.dst;
				GCC_C_LANGUAGE_STANDARD = gnu99;
				GCC_DYNAMIC_NO_PIC = NO;
				GCC_OPTIMIZATION_LEVEL = 0;
				GCC_PRECOMPILE_PREFIX_HEADER = YES;
				GCC_PREFIX_HEADER = "ObjectiveHub-iOS/ObjectiveHub-iOS-Prefix.pch";
				GCC_PREPROCESSOR_DEFINITIONS = (
					"DEBUG=1",
					"$(inherited)",
				);
				GCC_SYMBOLS_PRIVATE_EXTERN = NO;
				GCC_VERSION = com.apple.compilers.llvm.clang.1_0;
				GCC_WARN_ABOUT_MISSING_PROTOTYPES = YES;
				GCC_WARN_ABOUT_RETURN_TYPE = YES;
				GCC_WARN_UNUSED_VARIABLE = YES;
				IPHONEOS_DEPLOYMENT_TARGET = 4.2;
				OTHER_LDFLAGS = "-ObjC";
				PRODUCT_NAME = ObjectiveHub;
				RUN_CLANG_STATIC_ANALYZER = YES;
				SDKROOT = iphoneos;
				SKIP_INSTALL = YES;
			};
			name = Debug;
		};
		9C26F988146B207A001A5385 /* Release */ = {
			isa = XCBuildConfiguration;
			buildSettings = {
				ALWAYS_SEARCH_USER_PATHS = NO;
				ARCHS = "$(ARCHS_STANDARD_32_BIT)";
				COPY_PHASE_STRIP = YES;
				DSTROOT = /tmp/ObjectiveHub_iOS.dst;
				GCC_C_LANGUAGE_STANDARD = gnu99;
				GCC_PRECOMPILE_PREFIX_HEADER = YES;
				GCC_PREFIX_HEADER = "ObjectiveHub-iOS/ObjectiveHub-iOS-Prefix.pch";
				GCC_VERSION = com.apple.compilers.llvm.clang.1_0;
				GCC_WARN_ABOUT_MISSING_PROTOTYPES = YES;
				GCC_WARN_ABOUT_RETURN_TYPE = YES;
				GCC_WARN_UNUSED_VARIABLE = YES;
				IPHONEOS_DEPLOYMENT_TARGET = 4.2;
				OTHER_LDFLAGS = "-ObjC";
				PRODUCT_NAME = ObjectiveHub;
				RUN_CLANG_STATIC_ANALYZER = YES;
				SDKROOT = iphoneos;
				SKIP_INSTALL = YES;
				VALIDATE_PRODUCT = YES;
			};
			name = Release;
		};
		9C26F98A146B207A001A5385 /* Debug */ = {
			isa = XCBuildConfiguration;
			buildSettings = {
				ALWAYS_SEARCH_USER_PATHS = NO;
				ARCHS = "$(ARCHS_STANDARD_32_BIT)";
				COPY_PHASE_STRIP = NO;
				FRAMEWORK_SEARCH_PATHS = (
					"$(SDKROOT)/Developer/Library/Frameworks",
					"$(DEVELOPER_LIBRARY_DIR)/Frameworks",
				);
				GCC_C_LANGUAGE_STANDARD = gnu99;
				GCC_DYNAMIC_NO_PIC = NO;
				GCC_OPTIMIZATION_LEVEL = 0;
				GCC_PRECOMPILE_PREFIX_HEADER = YES;
				GCC_PREFIX_HEADER = "ObjectiveHub-iOS/ObjectiveHub-iOS-Prefix.pch";
				GCC_PREPROCESSOR_DEFINITIONS = (
					"DEBUG=1",
					"$(inherited)",
				);
				GCC_SYMBOLS_PRIVATE_EXTERN = NO;
				GCC_VERSION = com.apple.compilers.llvm.clang.1_0;
				GCC_WARN_ABOUT_MISSING_PROTOTYPES = YES;
				GCC_WARN_ABOUT_RETURN_TYPE = YES;
				GCC_WARN_UNUSED_VARIABLE = YES;
				INFOPLIST_FILE = "ObjectiveHub-iOSTests/ObjectiveHub-iOSTests-Info.plist";
				IPHONEOS_DEPLOYMENT_TARGET = 5.0;
				PRODUCT_NAME = "$(TARGET_NAME)";
				SDKROOT = iphoneos;
				WRAPPER_EXTENSION = octest;
			};
			name = Debug;
		};
		9C26F98B146B207A001A5385 /* Release */ = {
			isa = XCBuildConfiguration;
			buildSettings = {
				ALWAYS_SEARCH_USER_PATHS = NO;
				ARCHS = "$(ARCHS_STANDARD_32_BIT)";
				COPY_PHASE_STRIP = YES;
				FRAMEWORK_SEARCH_PATHS = (
					"$(SDKROOT)/Developer/Library/Frameworks",
					"$(DEVELOPER_LIBRARY_DIR)/Frameworks",
				);
				GCC_C_LANGUAGE_STANDARD = gnu99;
				GCC_PRECOMPILE_PREFIX_HEADER = YES;
				GCC_PREFIX_HEADER = "ObjectiveHub-iOS/ObjectiveHub-iOS-Prefix.pch";
				GCC_VERSION = com.apple.compilers.llvm.clang.1_0;
				GCC_WARN_ABOUT_MISSING_PROTOTYPES = YES;
				GCC_WARN_ABOUT_RETURN_TYPE = YES;
				GCC_WARN_UNUSED_VARIABLE = YES;
				INFOPLIST_FILE = "ObjectiveHub-iOSTests/ObjectiveHub-iOSTests-Info.plist";
				IPHONEOS_DEPLOYMENT_TARGET = 5.0;
				PRODUCT_NAME = "$(TARGET_NAME)";
				SDKROOT = iphoneos;
				VALIDATE_PRODUCT = YES;
				WRAPPER_EXTENSION = octest;
			};
			name = Release;
		};
		9C26F98E146B208D001A5385 /* Debug */ = {
			isa = XCBuildConfiguration;
			buildSettings = {
				PRODUCT_NAME = "$(TARGET_NAME)";
			};
			name = Debug;
		};
		9C26F98F146B208D001A5385 /* Release */ = {
			isa = XCBuildConfiguration;
			buildSettings = {
				PRODUCT_NAME = "$(TARGET_NAME)";
			};
			name = Release;
		};
		9C26FA0C146B3950001A5385 /* Debug */ = {
			isa = XCBuildConfiguration;
			buildSettings = {
				DOCS_LIBRARY_VERSION = head;
				LIBRARY_VERSION = 0.1;
				PRODUCT_NAME = "$(TARGET_NAME)";
			};
			name = Debug;
		};
		9C26FA0D146B3950001A5385 /* Release */ = {
			isa = XCBuildConfiguration;
			buildSettings = {
				DOCS_LIBRARY_VERSION = "${LIBRARY_VERSION}";
				LIBRARY_VERSION = 0.1;
				PRODUCT_NAME = "$(TARGET_NAME)";
			};
			name = Release;
		};
		9C5D2D671470281B0064F02A /* Debug */ = {
			isa = XCBuildConfiguration;
			buildSettings = {
				ALWAYS_SEARCH_USER_PATHS = NO;
				ARCHS = "$(ARCHS_STANDARD_64_BIT)";
				COPY_PHASE_STRIP = NO;
				GCC_C_LANGUAGE_STANDARD = gnu99;
				GCC_DYNAMIC_NO_PIC = NO;
				GCC_ENABLE_OBJC_EXCEPTIONS = YES;
				GCC_OPTIMIZATION_LEVEL = 0;
				GCC_PRECOMPILE_PREFIX_HEADER = YES;
				GCC_PREFIX_HEADER = "ObjectiveHub Test App/ObjectiveHub Test App-Prefix.pch";
				GCC_PREPROCESSOR_DEFINITIONS = (
					"DEBUG=1",
					"$(inherited)",
				);
				GCC_SYMBOLS_PRIVATE_EXTERN = NO;
				GCC_VERSION = com.apple.compilers.llvm.clang.1_0;
				GCC_WARN_64_TO_32_BIT_CONVERSION = YES;
				GCC_WARN_ABOUT_MISSING_PROTOTYPES = YES;
				GCC_WARN_ABOUT_RETURN_TYPE = YES;
				GCC_WARN_UNUSED_VARIABLE = YES;
				INFOPLIST_FILE = "ObjectiveHub Test App/ObjectiveHub Test App-Info.plist";
				MACOSX_DEPLOYMENT_TARGET = 10.7;
				ONLY_ACTIVE_ARCH = YES;
				PRODUCT_NAME = "$(TARGET_NAME)";
				SDKROOT = macosx;
				WRAPPER_EXTENSION = app;
			};
			name = Debug;
		};
		9C5D2D681470281B0064F02A /* Release */ = {
			isa = XCBuildConfiguration;
			buildSettings = {
				ALWAYS_SEARCH_USER_PATHS = NO;
				ARCHS = "$(ARCHS_STANDARD_64_BIT)";
				COPY_PHASE_STRIP = YES;
				DEBUG_INFORMATION_FORMAT = "dwarf-with-dsym";
				GCC_C_LANGUAGE_STANDARD = gnu99;
				GCC_ENABLE_OBJC_EXCEPTIONS = YES;
				GCC_PRECOMPILE_PREFIX_HEADER = YES;
				GCC_PREFIX_HEADER = "ObjectiveHub Test App/ObjectiveHub Test App-Prefix.pch";
				GCC_VERSION = com.apple.compilers.llvm.clang.1_0;
				GCC_WARN_64_TO_32_BIT_CONVERSION = YES;
				GCC_WARN_ABOUT_MISSING_PROTOTYPES = YES;
				GCC_WARN_ABOUT_RETURN_TYPE = YES;
				GCC_WARN_UNUSED_VARIABLE = YES;
				INFOPLIST_FILE = "ObjectiveHub Test App/ObjectiveHub Test App-Info.plist";
				MACOSX_DEPLOYMENT_TARGET = 10.7;
				PRODUCT_NAME = "$(TARGET_NAME)";
				SDKROOT = macosx;
				WRAPPER_EXTENSION = app;
			};
			name = Release;
		};
/* End XCBuildConfiguration section */

/* Begin XCConfigurationList section */
		9C26F92C146B1B74001A5385 /* Build configuration list for PBXProject "ObjectiveHub" */ = {
			isa = XCConfigurationList;
			buildConfigurations = (
				9C26F92E146B1B74001A5385 /* Debug */,
				9C26F92F146B1B74001A5385 /* Release */,
			);
			defaultConfigurationIsVisible = 0;
			defaultConfigurationName = Release;
		};
		9C26F95D146B2069001A5385 /* Build configuration list for PBXNativeTarget "ObjectiveHub-Mac" */ = {
			isa = XCConfigurationList;
			buildConfigurations = (
				9C26F95E146B2069001A5385 /* Debug */,
				9C26F95F146B2069001A5385 /* Release */,
			);
			defaultConfigurationIsVisible = 0;
			defaultConfigurationName = Release;
		};
		9C26F960146B2069001A5385 /* Build configuration list for PBXNativeTarget "ObjectiveHub-MacTests" */ = {
			isa = XCConfigurationList;
			buildConfigurations = (
				9C26F961146B2069001A5385 /* Debug */,
				9C26F962146B2069001A5385 /* Release */,
			);
			defaultConfigurationIsVisible = 0;
			defaultConfigurationName = Release;
		};
		9C26F986146B207A001A5385 /* Build configuration list for PBXNativeTarget "ObjectiveHub-iOS" */ = {
			isa = XCConfigurationList;
			buildConfigurations = (
				9C26F987146B207A001A5385 /* Debug */,
				9C26F988146B207A001A5385 /* Release */,
			);
			defaultConfigurationIsVisible = 0;
			defaultConfigurationName = Release;
		};
		9C26F989146B207A001A5385 /* Build configuration list for PBXNativeTarget "ObjectiveHub-iOSTests" */ = {
			isa = XCConfigurationList;
			buildConfigurations = (
				9C26F98A146B207A001A5385 /* Debug */,
				9C26F98B146B207A001A5385 /* Release */,
			);
			defaultConfigurationIsVisible = 0;
			defaultConfigurationName = Release;
		};
		9C26F98D146B208D001A5385 /* Build configuration list for PBXAggregateTarget "All Libraries" */ = {
			isa = XCConfigurationList;
			buildConfigurations = (
				9C26F98E146B208D001A5385 /* Debug */,
				9C26F98F146B208D001A5385 /* Release */,
			);
			defaultConfigurationIsVisible = 0;
			defaultConfigurationName = Release;
		};
		9C26FA0B146B3950001A5385 /* Build configuration list for PBXAggregateTarget "Documentation" */ = {
			isa = XCConfigurationList;
			buildConfigurations = (
				9C26FA0C146B3950001A5385 /* Debug */,
				9C26FA0D146B3950001A5385 /* Release */,
			);
			defaultConfigurationIsVisible = 0;
			defaultConfigurationName = Release;
		};
		9C5D2D691470281B0064F02A /* Build configuration list for PBXNativeTarget "ObjectiveHub Test App" */ = {
			isa = XCConfigurationList;
			buildConfigurations = (
				9C5D2D671470281B0064F02A /* Debug */,
				9C5D2D681470281B0064F02A /* Release */,
			);
			defaultConfigurationIsVisible = 0;
			defaultConfigurationName = Release;
		};
/* End XCConfigurationList section */
	};
	rootObject = 9C26F929146B1B74001A5385 /* Project object */;
}
